// !$*UTF8*$!
{
	archiveVersion = 1;
	classes = {
	};
	objectVersion = 77;
	objects = {

/* Begin PBXBuildFile section */
		03E937A7CB2674758D3B150A /* PreviewWorkflow in Frameworks */ = {isa = PBXBuildFile; productRef = 30F1D3BFC08CCD38F082B161 /* PreviewWorkflow */; };
		04A007FEABFBCF18DC80CC8D /* CompanionMacApp.swift in Sources */ = {isa = PBXBuildFile; fileRef = D3310E77A15A2B25644146A0 /* CompanionMacApp.swift */; };
		0FCD7A3B857A94ED6854690F /* AudioUnitViewController.swift in Sources */ = {isa = PBXBuildFile; fileRef = B8E25320E58C365F05026A3D /* AudioUnitViewController.swift */; };
		110989677F33D2E91F293B66 /* TutorSessionModel.swift in Sources */ = {isa = PBXBuildFile; fileRef = D99370239B3D081255BFA6B4 /* TutorSessionModel.swift */; };
		120D8EC37A11D6CB92412DD1 /* AudioAnalysis in Frameworks */ = {isa = PBXBuildFile; productRef = A2837E719FB3C5A3511C0FBE /* AudioAnalysis */; };
		3AA349A80BADCDCA51D7E41C /* ProductionTutor in Frameworks */ = {isa = PBXBuildFile; productRef = E389495FC88A2644C221322D /* ProductionTutor */; };
		46A321874ADE854E12F8CD92 /* AudioAnalysis in Frameworks */ = {isa = PBXBuildFile; productRef = 7B65EFE6777BBFAD348BF418 /* AudioAnalysis */; };
		48CDF740811D8D9C7CBAC849 /* CompanionSessionModel.swift in Sources */ = {isa = PBXBuildFile; fileRef = A683712EF09E0C959B644643 /* CompanionSessionModel.swift */; };
		51C417982A47AA0F8600CF6C /* DSPCore in Frameworks */ = {isa = PBXBuildFile; productRef = 7D04B596ECCA738661E8385F /* DSPCore */; };
		6A6DF3F9760135175B196794 /* TutorGuideView.swift in Sources */ = {isa = PBXBuildFile; fileRef = FCEDD91ECFCB4F8ED531E2F7 /* TutorGuideView.swift */; };
		76D4EE46BC8136A38B585DCB /* RealtimeRenderKernel.swift in Sources */ = {isa = PBXBuildFile; fileRef = EC110EC7B6EB965720D654D9 /* RealtimeRenderKernel.swift */; };
		7BA5F524C81C0B1463BA6706 /* SessionCore in Frameworks */ = {isa = PBXBuildFile; productRef = 271AD269B36F5F64446BD4FD /* SessionCore */; };
		88F782723DF550BE35EFB612 /* DSPCore in Frameworks */ = {isa = PBXBuildFile; productRef = F0935F6D720AF46DCFF05023 /* DSPCore */; };
		9A9CC98BD77F4E0351A39D45 /* AssistantAudioUnit.swift in Sources */ = {isa = PBXBuildFile; fileRef = 03BEA2B8FBEE9384B2E87FFA /* AssistantAudioUnit.swift */; };
		9D71A280B07D17F955F62327 /* PlanSchema in Frameworks */ = {isa = PBXBuildFile; productRef = D22DCE71AA0744C01925754F /* PlanSchema */; };
		A45D3EE54950CC9AB1EC3E41 /* CAtomics in Frameworks */ = {isa = PBXBuildFile; productRef = 045DD0CB3C893D4865C5DFDB /* CAtomics */; };
		B362C7C135B466C690521B50 /* ProductionIntelligence in Frameworks */ = {isa = PBXBuildFile; productRef = C310DEDD8DDC7D62C485F6FB /* ProductionIntelligence */; };
		B3A1C4B6513C1F5B8DC9EF11 /* AssistantAudioUnitExtension.appex in Embed Foundation Extensions */ = {isa = PBXBuildFile; fileRef = A2BE0F05C877B36E0AE3E753 /* AssistantAudioUnitExtension.appex */; settings = {ATTRIBUTES = (RemoveHeadersOnCopy, ); }; };
		BF1C5606E415038C804396ED /* AgentCore in Frameworks */ = {isa = PBXBuildFile; productRef = 705A83FB43FDCA9C65D3AE9D /* AgentCore */; };
		C0DA6188C3D155D6A64C4B99 /* SharedIPC in Frameworks */ = {isa = PBXBuildFile; productRef = AD8DD72C4B501857C0830B07 /* SharedIPC */; };
		D33E39C7D5DDA89EA593C70C /* PreviewAudition in Frameworks */ = {isa = PBXBuildFile; productRef = 7D753C9EFBA53C7C045570AB /* PreviewAudition */; };
		E2018EF4202C34539CC63E8F /* PlanSchema in Frameworks */ = {isa = PBXBuildFile; productRef = 3BEA1AE0B9B4D87DB60F9AB3 /* PlanSchema */; };
		E9C940F36834AF328DF56350 /* SharedIPC in Frameworks */ = {isa = PBXBuildFile; productRef = 06243F0F93AD016BB2D781AE /* SharedIPC */; };
		FF18EFBB3137F16A62F1BF0C /* PluginSessionBridge.swift in Sources */ = {isa = PBXBuildFile; fileRef = 89E0684D0E1F5BD951A8780F /* PluginSessionBridge.swift */; };
/* End PBXBuildFile section */

/* Begin PBXContainerItemProxy section */
		91C2D83641CD988BBE5C136C /* PBXContainerItemProxy */ = {
			isa = PBXContainerItemProxy;
			containerPortal = 4694EE691C4005931BC0458F /* Project object */;
			proxyType = 1;
			remoteGlobalIDString = 8A550789970518EE2E376E65;
			remoteInfo = AssistantAudioUnitExtension;
		};
/* End PBXContainerItemProxy section */

/* Begin PBXCopyFilesBuildPhase section */
		50D46B36953AB3AA60D4BEE0 /* Embed Foundation Extensions */ = {
			isa = PBXCopyFilesBuildPhase;
			buildActionMask = 2147483647;
			dstPath = "";
			dstSubfolderSpec = 13;
			files = (
				B3A1C4B6513C1F5B8DC9EF11 /* AssistantAudioUnitExtension.appex in Embed Foundation Extensions */,
			);
			name = "Embed Foundation Extensions";
			runOnlyForDeploymentPostprocessing = 0;
		};
/* End PBXCopyFilesBuildPhase section */

/* Begin PBXFileReference section */
		03BEA2B8FBEE9384B2E87FFA /* AssistantAudioUnit.swift */ = {isa = PBXFileReference; lastKnownFileType = sourcecode.swift; path = AssistantAudioUnit.swift; sourceTree = "<group>"; };
		09A956A5E9C8DD1847457121 /* Info.plist */ = {isa = PBXFileReference; lastKnownFileType = text.plist; path = Info.plist; sourceTree = "<group>"; };
		34D16C5DC2A9D74761EB8C87 /* LogicAudioAssistant */ = {isa = PBXFileReference; lastKnownFileType = folder; name = LogicAudioAssistant; path = .; sourceTree = SOURCE_ROOT; };
		3826FCB4719C8F43BE127163 /* AssistantAudioUnitExtension.entitlements */ = {isa = PBXFileReference; lastKnownFileType = text.plist.entitlements; path = AssistantAudioUnitExtension.entitlements; sourceTree = "<group>"; };
		790917278D3E6D6B76AB9CAC /* CompanionMacApp.entitlements */ = {isa = PBXFileReference; lastKnownFileType = text.plist.entitlements; path = CompanionMacApp.entitlements; sourceTree = "<group>"; };
		89E0684D0E1F5BD951A8780F /* PluginSessionBridge.swift */ = {isa = PBXFileReference; lastKnownFileType = sourcecode.swift; path = PluginSessionBridge.swift; sourceTree = "<group>"; };
		A2BE0F05C877B36E0AE3E753 /* AssistantAudioUnitExtension.appex */ = {isa = PBXFileReference; explicitFileType = "wrapper.app-extension"; includeInIndex = 0; path = AssistantAudioUnitExtension.appex; sourceTree = BUILT_PRODUCTS_DIR; };
		A683712EF09E0C959B644643 /* CompanionSessionModel.swift */ = {isa = PBXFileReference; lastKnownFileType = sourcecode.swift; path = CompanionSessionModel.swift; sourceTree = "<group>"; };
		B8E25320E58C365F05026A3D /* AudioUnitViewController.swift */ = {isa = PBXFileReference; lastKnownFileType = sourcecode.swift; path = AudioUnitViewController.swift; sourceTree = "<group>"; };
		C38C1856B0AD4A7508F32109 /* Info.plist */ = {isa = PBXFileReference; lastKnownFileType = text.plist; path = Info.plist; sourceTree = "<group>"; };
		C451AA04E4837DEDF4F2D4A8 /* CompanionMacApp.app */ = {isa = PBXFileReference; explicitFileType = wrapper.application; includeInIndex = 0; path = CompanionMacApp.app; sourceTree = BUILT_PRODUCTS_DIR; };
		D3310E77A15A2B25644146A0 /* CompanionMacApp.swift */ = {isa = PBXFileReference; lastKnownFileType = sourcecode.swift; path = CompanionMacApp.swift; sourceTree = "<group>"; };
		D99370239B3D081255BFA6B4 /* TutorSessionModel.swift */ = {isa = PBXFileReference; lastKnownFileType = sourcecode.swift; path = TutorSessionModel.swift; sourceTree = "<group>"; };
		EC110EC7B6EB965720D654D9 /* RealtimeRenderKernel.swift */ = {isa = PBXFileReference; lastKnownFileType = sourcecode.swift; path = RealtimeRenderKernel.swift; sourceTree = "<group>"; };
		FCEDD91ECFCB4F8ED531E2F7 /* TutorGuideView.swift */ = {isa = PBXFileReference; lastKnownFileType = sourcecode.swift; path = TutorGuideView.swift; sourceTree = "<group>"; };
/* End PBXFileReference section */

/* Begin PBXFrameworksBuildPhase section */
		16FFD56037918A10C3A1268F /* Frameworks */ = {
			isa = PBXFrameworksBuildPhase;
			buildActionMask = 2147483647;
			files = (
				C0DA6188C3D155D6A64C4B99 /* SharedIPC in Frameworks */,
				7BA5F524C81C0B1463BA6706 /* SessionCore in Frameworks */,
				03E937A7CB2674758D3B150A /* PreviewWorkflow in Frameworks */,
				D33E39C7D5DDA89EA593C70C /* PreviewAudition in Frameworks */,
				88F782723DF550BE35EFB612 /* DSPCore in Frameworks */,
				E2018EF4202C34539CC63E8F /* PlanSchema in Frameworks */,
				BF1C5606E415038C804396ED /* AgentCore in Frameworks */,
				46A321874ADE854E12F8CD92 /* AudioAnalysis in Frameworks */,
				B362C7C135B466C690521B50 /* ProductionIntelligence in Frameworks */,
				3AA349A80BADCDCA51D7E41C /* ProductionTutor in Frameworks */,
			);
			runOnlyForDeploymentPostprocessing = 0;
		};
		B45CF0A7B5E47BD3D9A754BA /* Frameworks */ = {
			isa = PBXFrameworksBuildPhase;
			buildActionMask = 2147483647;
			files = (
				A45D3EE54950CC9AB1EC3E41 /* CAtomics in Frameworks */,
				120D8EC37A11D6CB92412DD1 /* AudioAnalysis in Frameworks */,
				51C417982A47AA0F8600CF6C /* DSPCore in Frameworks */,
				9D71A280B07D17F955F62327 /* PlanSchema in Frameworks */,
				E9C940F36834AF328DF56350 /* SharedIPC in Frameworks */,
			);
			runOnlyForDeploymentPostprocessing = 0;
		};
/* End PBXFrameworksBuildPhase section */

/* Begin PBXGroup section */
		07598A5BB2E9343C25059BC8 /* AudioUnitExtension */ = {
			isa = PBXGroup;
			children = (
				03BEA2B8FBEE9384B2E87FFA /* AssistantAudioUnit.swift */,
				3826FCB4719C8F43BE127163 /* AssistantAudioUnitExtension.entitlements */,
				B8E25320E58C365F05026A3D /* AudioUnitViewController.swift */,
				C38C1856B0AD4A7508F32109 /* Info.plist */,
				89E0684D0E1F5BD951A8780F /* PluginSessionBridge.swift */,
				EC110EC7B6EB965720D654D9 /* RealtimeRenderKernel.swift */,
			);
			name = AudioUnitExtension;
			path = plugins/AudioUnit/AudioUnitExtension;
			sourceTree = "<group>";
		};
		5B71499B28D5808629444274 /* CompanionMacApp */ = {
			isa = PBXGroup;
			children = (
				790917278D3E6D6B76AB9CAC /* CompanionMacApp.entitlements */,
				D3310E77A15A2B25644146A0 /* CompanionMacApp.swift */,
				A683712EF09E0C959B644643 /* CompanionSessionModel.swift */,
				09A956A5E9C8DD1847457121 /* Info.plist */,
				FCEDD91ECFCB4F8ED531E2F7 /* TutorGuideView.swift */,
				D99370239B3D081255BFA6B4 /* TutorSessionModel.swift */,
			);
			name = CompanionMacApp;
			path = apps/CompanionMacApp;
			sourceTree = "<group>";
		};
		64F5F29A3A365ED7C515C9BD /* Products */ = {
			isa = PBXGroup;
			children = (
				A2BE0F05C877B36E0AE3E753 /* AssistantAudioUnitExtension.appex */,
				C451AA04E4837DEDF4F2D4A8 /* CompanionMacApp.app */,
			);
			name = Products;
			sourceTree = "<group>";
		};
		9EC6094028764800A6025B4A = {
			isa = PBXGroup;
			children = (
				07598A5BB2E9343C25059BC8 /* AudioUnitExtension */,
				5B71499B28D5808629444274 /* CompanionMacApp */,
				F9ACA90BB8FB6916BEF3E4D8 /* Packages */,
				64F5F29A3A365ED7C515C9BD /* Products */,
			);
			sourceTree = "<group>";
		};
		F9ACA90BB8FB6916BEF3E4D8 /* Packages */ = {
			isa = PBXGroup;
			children = (
				34D16C5DC2A9D74761EB8C87 /* LogicAudioAssistant */,
			);
			path = Packages;
			sourceTree = "<group>";
		};
/* End PBXGroup section */

/* Begin PBXNativeTarget section */
		8A550789970518EE2E376E65 /* AssistantAudioUnitExtension */ = {
			isa = PBXNativeTarget;
			buildConfigurationList = 9EBE56AD67809571D3547530 /* Build configuration list for PBXNativeTarget "AssistantAudioUnitExtension" */;
			buildPhases = (
				32E137E2EB9415942298DE54 /* Sources */,
				B45CF0A7B5E47BD3D9A754BA /* Frameworks */,
			);
			buildRules = (
			);
			dependencies = (
			);
			name = AssistantAudioUnitExtension;
			packageProductDependencies = (
				045DD0CB3C893D4865C5DFDB /* CAtomics */,
				A2837E719FB3C5A3511C0FBE /* AudioAnalysis */,
				7D04B596ECCA738661E8385F /* DSPCore */,
				D22DCE71AA0744C01925754F /* PlanSchema */,
				06243F0F93AD016BB2D781AE /* SharedIPC */,
			);
			productName = AssistantAudioUnitExtension;
			productReference = A2BE0F05C877B36E0AE3E753 /* AssistantAudioUnitExtension.appex */;
			productType = "com.apple.product-type.app-extension";
		};
		CC53B5968B13F9986A7677EE /* CompanionMacApp */ = {
			isa = PBXNativeTarget;
			buildConfigurationList = 89910714F2E2CD8FA9D71F76 /* Build configuration list for PBXNativeTarget "CompanionMacApp" */;
			buildPhases = (
				B7A77339D8C3C3BE85C30910 /* Sources */,
				16FFD56037918A10C3A1268F /* Frameworks */,
				50D46B36953AB3AA60D4BEE0 /* Embed Foundation Extensions */,
			);
			buildRules = (
			);
			dependencies = (
				14DEF89F2AB66C2B8E85FB18 /* PBXTargetDependency */,
			);
			name = CompanionMacApp;
			packageProductDependencies = (
				AD8DD72C4B501857C0830B07 /* SharedIPC */,
				271AD269B36F5F64446BD4FD /* SessionCore */,
				30F1D3BFC08CCD38F082B161 /* PreviewWorkflow */,
				7D753C9EFBA53C7C045570AB /* PreviewAudition */,
				F0935F6D720AF46DCFF05023 /* DSPCore */,
				3BEA1AE0B9B4D87DB60F9AB3 /* PlanSchema */,
				705A83FB43FDCA9C65D3AE9D /* AgentCore */,
				7B65EFE6777BBFAD348BF418 /* AudioAnalysis */,
				C310DEDD8DDC7D62C485F6FB /* ProductionIntelligence */,
				E389495FC88A2644C221322D /* ProductionTutor */,
			);
			productName = CompanionMacApp;
			productReference = C451AA04E4837DEDF4F2D4A8 /* CompanionMacApp.app */;
			productType = "com.apple.product-type.application";
		};
/* End PBXNativeTarget section */

/* Begin PBXProject section */
		4694EE691C4005931BC0458F /* Project object */ = {
			isa = PBXProject;
			attributes = {
				BuildIndependentTargetsInParallel = YES;
				LastUpgradeCheck = 1430;
				TargetAttributes = {
				};
			};
			buildConfigurationList = F2AD82A7E7009964CD69569D /* Build configuration list for PBXProject "LogicAudioAssistant" */;
			developmentRegion = en;
			hasScannedForEncodings = 0;
			knownRegions = (
				Base,
				en,
			);
			mainGroup = 9EC6094028764800A6025B4A;
			minimizedProjectReferenceProxies = 1;
			packageReferences = (
				8E47BDB5BE81A9B0EB130D68 /* XCLocalSwiftPackageReference "." */,
			);
			preferredProjectObjectVersion = 77;
			productRefGroup = 64F5F29A3A365ED7C515C9BD /* Products */;
			projectDirPath = "";
			projectRoot = "";
			targets = (
				8A550789970518EE2E376E65 /* AssistantAudioUnitExtension */,
				CC53B5968B13F9986A7677EE /* CompanionMacApp */,
			);
		};
/* End PBXProject section */

/* Begin PBXSourcesBuildPhase section */
		32E137E2EB9415942298DE54 /* Sources */ = {
			isa = PBXSourcesBuildPhase;
			buildActionMask = 2147483647;
			files = (
				9A9CC98BD77F4E0351A39D45 /* AssistantAudioUnit.swift in Sources */,
				0FCD7A3B857A94ED6854690F /* AudioUnitViewController.swift in Sources */,
				FF18EFBB3137F16A62F1BF0C /* PluginSessionBridge.swift in Sources */,
				76D4EE46BC8136A38B585DCB /* RealtimeRenderKernel.swift in Sources */,
			);
			runOnlyForDeploymentPostprocessing = 0;
		};
		B7A77339D8C3C3BE85C30910 /* Sources */ = {
			isa = PBXSourcesBuildPhase;
			buildActionMask = 2147483647;
			files = (
				04A007FEABFBCF18DC80CC8D /* CompanionMacApp.swift in Sources */,
				48CDF740811D8D9C7CBAC849 /* CompanionSessionModel.swift in Sources */,
				6A6DF3F9760135175B196794 /* TutorGuideView.swift in Sources */,
				110989677F33D2E91F293B66 /* TutorSessionModel.swift in Sources */,
			);
			runOnlyForDeploymentPostprocessing = 0;
		};
/* End PBXSourcesBuildPhase section */

/* Begin PBXTargetDependency section */
		14DEF89F2AB66C2B8E85FB18 /* PBXTargetDependency */ = {
			isa = PBXTargetDependency;
			target = 8A550789970518EE2E376E65 /* AssistantAudioUnitExtension */;
			targetProxy = 91C2D83641CD988BBE5C136C /* PBXContainerItemProxy */;
		};
/* End PBXTargetDependency section */

/* Begin XCBuildConfiguration section */
		4AF0AE59C13A3C00326DBE8B /* Debug */ = {
			isa = XCBuildConfiguration;
			buildSettings = {
				ALWAYS_SEARCH_USER_PATHS = NO;
				CLANG_ANALYZER_NONNULL = YES;
				CLANG_ANALYZER_NUMBER_OBJECT_CONVERSION = YES_AGGRESSIVE;
				CLANG_CXX_LANGUAGE_STANDARD = "gnu++14";
				CLANG_CXX_LIBRARY = "libc++";
				CLANG_ENABLE_MODULES = YES;
				CLANG_ENABLE_OBJC_ARC = YES;
				CLANG_ENABLE_OBJC_WEAK = YES;
				CLANG_WARN_BLOCK_CAPTURE_AUTORELEASING = YES;
				CLANG_WARN_BOOL_CONVERSION = YES;
				CLANG_WARN_COMMA = YES;
				CLANG_WARN_CONSTANT_CONVERSION = YES;
				CLANG_WARN_DEPRECATED_OBJC_IMPLEMENTATIONS = YES;
				CLANG_WARN_DIRECT_OBJC_ISA_USAGE = YES_ERROR;
				CLANG_WARN_DOCUMENTATION_COMMENTS = YES;
				CLANG_WARN_EMPTY_BODY = YES;
				CLANG_WARN_ENUM_CONVERSION = YES;
				CLANG_WARN_INFINITE_RECURSION = YES;
				CLANG_WARN_INT_CONVERSION = YES;
				CLANG_WARN_NON_LITERAL_NULL_CONVERSION = YES;
				CLANG_WARN_OBJC_IMPLICIT_RETAIN_SELF = YES;
				CLANG_WARN_OBJC_LITERAL_CONVERSION = YES;
				CLANG_WARN_OBJC_ROOT_CLASS = YES_ERROR;
				CLANG_WARN_QUOTED_INCLUDE_IN_FRAMEWORK_HEADER = YES;
				CLANG_WARN_RANGE_LOOP_ANALYSIS = YES;
				CLANG_WARN_STRICT_PROTOTYPES = YES;
				CLANG_WARN_SUSPICIOUS_MOVE = YES;
				CLANG_WARN_UNGUARDED_AVAILABILITY = YES_AGGRESSIVE;
				CLANG_WARN_UNREACHABLE_CODE = YES;
				CLANG_WARN__DUPLICATE_METHOD_MATCH = YES;
				COPY_PHASE_STRIP = NO;
				DEBUG_INFORMATION_FORMAT = dwarf;
				ENABLE_STRICT_OBJC_MSGSEND = YES;
				ENABLE_TESTABILITY = YES;
				GCC_C_LANGUAGE_STANDARD = gnu11;
				GCC_DYNAMIC_NO_PIC = NO;
				GCC_NO_COMMON_BLOCKS = YES;
				GCC_OPTIMIZATION_LEVEL = 0;
				GCC_PREPROCESSOR_DEFINITIONS = (
					"$(inherited)",
					"DEBUG=1",
				);
				GCC_WARN_64_TO_32_BIT_CONVERSION = YES;
				GCC_WARN_ABOUT_RETURN_TYPE = YES_ERROR;
				GCC_WARN_UNDECLARED_SELECTOR = YES;
				GCC_WARN_UNINITIALIZED_AUTOS = YES_AGGRESSIVE;
				GCC_WARN_UNUSED_FUNCTION = YES;
				GCC_WARN_UNUSED_VARIABLE = YES;
				MACOSX_DEPLOYMENT_TARGET = 14.0;
				MTL_ENABLE_DEBUG_INFO = INCLUDE_SOURCE;
				MTL_FAST_MATH = YES;
				ONLY_ACTIVE_ARCH = YES;
				PRODUCT_NAME = "$(TARGET_NAME)";
				SDKROOT = macosx;
				SWIFT_ACTIVE_COMPILATION_CONDITIONS = DEBUG;
				SWIFT_OPTIMIZATION_LEVEL = "-Onone";
				SWIFT_VERSION = 5.0;
			};
			name = Debug;
		};
		880FD21AA22548110F49570B /* Debug */ = {
			isa = XCBuildConfiguration;
			buildSettings = {
				ASSETCATALOG_COMPILER_APPICON_NAME = AppIcon;
				CODE_SIGN_ENTITLEMENTS = apps/CompanionMacApp/CompanionMacApp.entitlements;
				COMBINE_HIDPI_IMAGES = YES;
				INFOPLIST_FILE = apps/CompanionMacApp/Info.plist;
				LD_RUNPATH_SEARCH_PATHS = (
					"$(inherited)",
					"@executable_path/../Frameworks",
				);
				PRODUCT_BUNDLE_IDENTIFIER = com.marcboyer.logicaudioassistant;
				PRODUCT_NAME = "Logic Audio Assistant";
				SDKROOT = macosx;
				SWIFT_VERSION = 6.0;
			};
			name = Debug;
		};
		A805040CE91DBD37BF901C38 /* Release */ = {
			isa = XCBuildConfiguration;
			buildSettings = {
				APPLICATION_EXTENSION_API_ONLY = YES;
				CODE_SIGN_ENTITLEMENTS = plugins/AudioUnit/AudioUnitExtension/AssistantAudioUnitExtension.entitlements;
				COMBINE_HIDPI_IMAGES = YES;
				INFOPLIST_FILE = plugins/AudioUnit/AudioUnitExtension/Info.plist;
				LD_RUNPATH_SEARCH_PATHS = (
					"$(inherited)",
					"@executable_path/../Frameworks",
					"@executable_path/../../../../Frameworks",
				);
				PRODUCT_BUNDLE_IDENTIFIER = com.marcboyer.logicaudioassistant.AudioUnit;
				PRODUCT_NAME = "Logic Audio Assistant AU";
				SDKROOT = macosx;
				SWIFT_VERSION = 6.0;
			};
			name = Release;
		};
		BC838B4ED5C998CB576AA656 /* Debug */ = {
			isa = XCBuildConfiguration;
			buildSettings = {
				APPLICATION_EXTENSION_API_ONLY = YES;
				CODE_SIGN_ENTITLEMENTS = plugins/AudioUnit/AudioUnitExtension/AssistantAudioUnitExtension.entitlements;
				COMBINE_HIDPI_IMAGES = YES;
				INFOPLIST_FILE = plugins/AudioUnit/AudioUnitExtension/Info.plist;
				LD_RUNPATH_SEARCH_PATHS = (
					"$(inherited)",
					"@executable_path/../Frameworks",
					"@executable_path/../../../../Frameworks",
				);
				PRODUCT_BUNDLE_IDENTIFIER = com.marcboyer.logicaudioassistant.AudioUnit;
				PRODUCT_NAME = "Logic Audio Assistant AU";
				SDKROOT = macosx;
				SWIFT_VERSION = 6.0;
			};
			name = Debug;
		};
		BD0535C30C3625E418441FA4 /* Release */ = {
			isa = XCBuildConfiguration;
			buildSettings = {
				ASSETCATALOG_COMPILER_APPICON_NAME = AppIcon;
				CODE_SIGN_ENTITLEMENTS = apps/CompanionMacApp/CompanionMacApp.entitlements;
				COMBINE_HIDPI_IMAGES = YES;
				INFOPLIST_FILE = apps/CompanionMacApp/Info.plist;
				LD_RUNPATH_SEARCH_PATHS = (
					"$(inherited)",
					"@executable_path/../Frameworks",
				);
				PRODUCT_BUNDLE_IDENTIFIER = com.marcboyer.logicaudioassistant;
				PRODUCT_NAME = "Logic Audio Assistant";
				SDKROOT = macosx;
				SWIFT_VERSION = 6.0;
			};
			name = Release;
		};
		D57DE2B5347EAFA4C82AE9D0 /* Release */ = {
			isa = XCBuildConfiguration;
			buildSettings = {
				ALWAYS_SEARCH_USER_PATHS = NO;
				CLANG_ANALYZER_NONNULL = YES;
				CLANG_ANALYZER_NUMBER_OBJECT_CONVERSION = YES_AGGRESSIVE;
				CLANG_CXX_LANGUAGE_STANDARD = "gnu++14";
				CLANG_CXX_LIBRARY = "libc++";
				CLANG_ENABLE_MODULES = YES;
				CLANG_ENABLE_OBJC_ARC = YES;
				CLANG_ENABLE_OBJC_WEAK = YES;
				CLANG_WARN_BLOCK_CAPTURE_AUTORELEASING = YES;
				CLANG_WARN_BOOL_CONVERSION = YES;
				CLANG_WARN_COMMA = YES;
				CLANG_WARN_CONSTANT_CONVERSION = YES;
				CLANG_WARN_DEPRECATED_OBJC_IMPLEMENTATIONS = YES;
				CLANG_WARN_DIRECT_OBJC_ISA_USAGE = YES_ERROR;
				CLANG_WARN_DOCUMENTATION_COMMENTS = YES;
				CLANG_WARN_EMPTY_BODY = YES;
				CLANG_WARN_ENUM_CONVERSION = YES;
				CLANG_WARN_INFINITE_RECURSION = YES;
				CLANG_WARN_INT_CONVERSION = YES;
				CLANG_WARN_NON_LITERAL_NULL_CONVERSION = YES;
				CLANG_WARN_OBJC_IMPLICIT_RETAIN_SELF = YES;
				CLANG_WARN_OBJC_LITERAL_CONVERSION = YES;
				CLANG_WARN_OBJC_ROOT_CLASS = YES_ERROR;
				CLANG_WARN_QUOTED_INCLUDE_IN_FRAMEWORK_HEADER = YES;
				CLANG_WARN_RANGE_LOOP_ANALYSIS = YES;
				CLANG_WARN_STRICT_PROTOTYPES = YES;
				CLANG_WARN_SUSPICIOUS_MOVE = YES;
				CLANG_WARN_UNGUARDED_AVAILABILITY = YES_AGGRESSIVE;
				CLANG_WARN_UNREACHABLE_CODE = YES;
				CLANG_WARN__DUPLICATE_METHOD_MATCH = YES;
				COPY_PHASE_STRIP = NO;
				DEBUG_INFORMATION_FORMAT = "dwarf-with-dsym";
				ENABLE_NS_ASSERTIONS = NO;
				ENABLE_STRICT_OBJC_MSGSEND = YES;
				GCC_C_LANGUAGE_STANDARD = gnu11;
				GCC_NO_COMMON_BLOCKS = YES;
				GCC_WARN_64_TO_32_BIT_CONVERSION = YES;
				GCC_WARN_ABOUT_RETURN_TYPE = YES_ERROR;
				GCC_WARN_UNDECLARED_SELECTOR = YES;
				GCC_WARN_UNINITIALIZED_AUTOS = YES_AGGRESSIVE;
				GCC_WARN_UNUSED_FUNCTION = YES;
				GCC_WARN_UNUSED_VARIABLE = YES;
				MACOSX_DEPLOYMENT_TARGET = 14.0;
				MTL_ENABLE_DEBUG_INFO = NO;
				MTL_FAST_MATH = YES;
				PRODUCT_NAME = "$(TARGET_NAME)";
				SDKROOT = macosx;
				SWIFT_COMPILATION_MODE = wholemodule;
				SWIFT_OPTIMIZATION_LEVEL = "-O";
				SWIFT_VERSION = 5.0;
			};
			name = Release;
		};
/* End XCBuildConfiguration section */

/* Begin XCConfigurationList section */
		89910714F2E2CD8FA9D71F76 /* Build configuration list for PBXNativeTarget "CompanionMacApp" */ = {
			isa = XCConfigurationList;
			buildConfigurations = (
				880FD21AA22548110F49570B /* Debug */,
				BD0535C30C3625E418441FA4 /* Release */,
			);
			defaultConfigurationIsVisible = 0;
			defaultConfigurationName = Debug;
		};
		9EBE56AD67809571D3547530 /* Build configuration list for PBXNativeTarget "AssistantAudioUnitExtension" */ = {
			isa = XCConfigurationList;
			buildConfigurations = (
				BC838B4ED5C998CB576AA656 /* Debug */,
				A805040CE91DBD37BF901C38 /* Release */,
			);
			defaultConfigurationIsVisible = 0;
			defaultConfigurationName = Debug;
		};
		F2AD82A7E7009964CD69569D /* Build configuration list for PBXProject "LogicAudioAssistant" */ = {
			isa = XCConfigurationList;
			buildConfigurations = (
				4AF0AE59C13A3C00326DBE8B /* Debug */,
				D57DE2B5347EAFA4C82AE9D0 /* Release */,
			);
			defaultConfigurationIsVisible = 0;
			defaultConfigurationName = Debug;
		};
/* End XCConfigurationList section */

/* Begin XCLocalSwiftPackageReference section */
		8E47BDB5BE81A9B0EB130D68 /* XCLocalSwiftPackageReference "." */ = {
			isa = XCLocalSwiftPackageReference;
			relativePath = .;
		};
/* End XCLocalSwiftPackageReference section */

/* Begin XCSwiftPackageProductDependency section */
		045DD0CB3C893D4865C5DFDB /* CAtomics */ = {
			isa = XCSwiftPackageProductDependency;
			productName = CAtomics;
		};
		06243F0F93AD016BB2D781AE /* SharedIPC */ = {
			isa = XCSwiftPackageProductDependency;
			productName = SharedIPC;
		};
		271AD269B36F5F64446BD4FD /* SessionCore */ = {
			isa = XCSwiftPackageProductDependency;
			productName = SessionCore;
		};
		30F1D3BFC08CCD38F082B161 /* PreviewWorkflow */ = {
			isa = XCSwiftPackageProductDependency;
			productName = PreviewWorkflow;
		};
		3BEA1AE0B9B4D87DB60F9AB3 /* PlanSchema */ = {
			isa = XCSwiftPackageProductDependency;
			productName = PlanSchema;
		};
		705A83FB43FDCA9C65D3AE9D /* AgentCore */ = {
			isa = XCSwiftPackageProductDependency;
			productName = AgentCore;
		};
		7B65EFE6777BBFAD348BF418 /* AudioAnalysis */ = {
			isa = XCSwiftPackageProductDependency;
			productName = AudioAnalysis;
		};
		7D04B596ECCA738661E8385F /* DSPCore */ = {
			isa = XCSwiftPackageProductDependency;
			productName = DSPCore;
		};
		7D753C9EFBA53C7C045570AB /* PreviewAudition */ = {
			isa = XCSwiftPackageProductDependency;
			productName = PreviewAudition;
		};
		A2837E719FB3C5A3511C0FBE /* AudioAnalysis */ = {
			isa = XCSwiftPackageProductDependency;
			productName = AudioAnalysis;
		};
		AD8DD72C4B501857C0830B07 /* SharedIPC */ = {
			isa = XCSwiftPackageProductDependency;
			productName = SharedIPC;
		};
		C310DEDD8DDC7D62C485F6FB /* ProductionIntelligence */ = {
			isa = XCSwiftPackageProductDependency;
			productName = ProductionIntelligence;
		};
		D22DCE71AA0744C01925754F /* PlanSchema */ = {
			isa = XCSwiftPackageProductDependency;
			productName = PlanSchema;
		};
		E389495FC88A2644C221322D /* ProductionTutor */ = {
			isa = XCSwiftPackageProductDependency;
			productName = ProductionTutor;
		};
		F0935F6D720AF46DCFF05023 /* DSPCore */ = {
			isa = XCSwiftPackageProductDependency;
			productName = DSPCore;
		};
/* End XCSwiftPackageProductDependency section */
	};
	rootObject = 4694EE691C4005931BC0458F /* Project object */;
}
