// !$*UTF8*$!
{
	archiveVersion = 1;
	classes = {
	};
	objectVersion = 77;
	objects = {

/* Begin PBXBuildFile section */
		03E937A7CB2674758D3B150A /* PreviewWorkflow in Frameworks */ = {isa = PBXBuildFile; productRef = 30F1D3BFC08CCD38F082B161 /* PreviewWorkflow */; };
		04A007FEABFBCF18DC80CC8D /* CompanionMacApp.swift in Sources */ = {isa = PBXBuildFile; fileRef = D3310E77A15A2B25644146A0 /* CompanionMacApp.swift */; };
		09547992FA4C990518232A5C /* RequestPanelView.swift in Sources */ = {isa = PBXBuildFile; fileRef = 547771B66CEF6ABF27C29E5C /* RequestPanelView.swift */; };
		0B0F6B8FAB49DCDF188232AA /* WaveformView.swift in Sources */ = {isa = PBXBuildFile; fileRef = 3041821B358CA39D6C7D8CBC /* WaveformView.swift */; };
		0D7CBABD385014ACF536D009 /* SortedUniqueBulletsView.swift in Sources */ = {isa = PBXBuildFile; fileRef = 72A6C1D6625F07E9D0A18698 /* SortedUniqueBulletsView.swift */; };
		0FCD7A3B857A94ED6854690F /* AudioUnitViewController.swift in Sources */ = {isa = PBXBuildFile; fileRef = B8E25320E58C365F05026A3D /* AudioUnitViewController.swift */; };
		110989677F33D2E91F293B66 /* TutorSessionModel.swift in Sources */ = {isa = PBXBuildFile; fileRef = D99370239B3D081255BFA6B4 /* TutorSessionModel.swift */; };
		115FD0E8B0731BF44F44771D /* CapturePanelView.swift in Sources */ = {isa = PBXBuildFile; fileRef = 616EB3E4C9E322630213A58E /* CapturePanelView.swift */; };
		120D8EC37A11D6CB92412DD1 /* AudioAnalysis in Frameworks */ = {isa = PBXBuildFile; productRef = A2837E719FB3C5A3511C0FBE /* AudioAnalysis */; };
		1E99AC269A3B2F44189BD05E /* Badge.swift in Sources */ = {isa = PBXBuildFile; fileRef = 960247399F3967EAFC8643EF /* Badge.swift */; };
		1F38469E0D374774599C8A41 /* VocalCreativeCandidatesView.swift in Sources */ = {isa = PBXBuildFile; fileRef = 7019C5493392D830F77436F9 /* VocalCreativeCandidatesView.swift */; };
		2301CE5131B031ADC66E37EA /* GeneralAnswerView.swift in Sources */ = {isa = PBXBuildFile; fileRef = 1E61275E97D2FD2A45E6A50B /* GeneralAnswerView.swift */; };
		244E32D409CAACD1ED5E9F4B /* ContradictionSectionView.swift in Sources */ = {isa = PBXBuildFile; fileRef = 002D4B372A272DB926A3A07C /* ContradictionSectionView.swift */; };
		2D383146EE07831BD41D9BE0 /* FirstMoveCardView.swift in Sources */ = {isa = PBXBuildFile; fileRef = B2F80DC8F697E2AE3F23D4E4 /* FirstMoveCardView.swift */; };
		2F9D411D8DC790F3634C0A7E /* VocalWorkspaceComponents.swift in Sources */ = {isa = PBXBuildFile; fileRef = C133917AB6E3B0E1A85F0A8D /* VocalWorkspaceComponents.swift */; };
		2FA5513987EA50FD68559FAD /* VocalCreativeIntentView.swift in Sources */ = {isa = PBXBuildFile; fileRef = 79D30835E31E943C3F108303 /* VocalCreativeIntentView.swift */; };
		316F4810C559E547EA282275 /* SourceRowView.swift in Sources */ = {isa = PBXBuildFile; fileRef = E68C29235BE5B917F3D7FF21 /* SourceRowView.swift */; };
		380EF38F578CFDE7DFD0E05E /* DirectAnswerCardView.swift in Sources */ = {isa = PBXBuildFile; fileRef = 2B477A579A6F88C7AA10F0D5 /* DirectAnswerCardView.swift */; };
		3AA349A80BADCDCA51D7E41C /* ProductionTutor in Frameworks */ = {isa = PBXBuildFile; productRef = E389495FC88A2644C221322D /* ProductionTutor */; };
		40AA0AE3CE8BC21742150DCF /* StrategyCardView.swift in Sources */ = {isa = PBXBuildFile; fileRef = 1C995C0AC106CAA0287006A3 /* StrategyCardView.swift */; };
		46A321874ADE854E12F8CD92 /* AudioAnalysis in Frameworks */ = {isa = PBXBuildFile; productRef = 7B65EFE6777BBFAD348BF418 /* AudioAnalysis */; };
		48A2304BECD357349849A443 /* SettingsView.swift in Sources */ = {isa = PBXBuildFile; fileRef = 36ED88889D1935EE586FEB87 /* SettingsView.swift */; };
		48CDF740811D8D9C7CBAC849 /* CompanionSessionModel.swift in Sources */ = {isa = PBXBuildFile; fileRef = A683712EF09E0C959B644643 /* CompanionSessionModel.swift */; };
		4A60D42CE4AD37F674DFCE79 /* VocalWorkspacePersistenceCoordinator.swift in Sources */ = {isa = PBXBuildFile; fileRef = 00AFD5288BDAD174D8A0C615 /* VocalWorkspacePersistenceCoordinator.swift */; };
		504E886800C0DA07C5B932F8 /* LessonContentView.swift in Sources */ = {isa = PBXBuildFile; fileRef = 6332AFD1868EDF6F449344AB /* LessonContentView.swift */; };
		50840272788D04094A0B10B4 /* ChainPanelView.swift in Sources */ = {isa = PBXBuildFile; fileRef = C85C16EFEA19BB03688DC409 /* ChainPanelView.swift */; };
		51C417982A47AA0F8600CF6C /* DSPCore in Frameworks */ = {isa = PBXBuildFile; productRef = 7D04B596ECCA738661E8385F /* DSPCore */; };
		56C161A9F198BD001C9478A2 /* SummaryCardView.swift in Sources */ = {isa = PBXBuildFile; fileRef = A7873DD0D923DAB84F8C8A8F /* SummaryCardView.swift */; };
		5B194793505B13EB9094920D /* MemoryControlsView.swift in Sources */ = {isa = PBXBuildFile; fileRef = 1E6BAE2122161FD4A1137E2C /* MemoryControlsView.swift */; };
		5DA3E8D9A2BB9D2CB5425C46 /* EvidenceBannerView.swift in Sources */ = {isa = PBXBuildFile; fileRef = 965AC760A1B98CEF965BF628 /* EvidenceBannerView.swift */; };
		66685DA41340DC26F670A10D /* Theme.swift in Sources */ = {isa = PBXBuildFile; fileRef = 3AFF29CC527ABE157DEBD311 /* Theme.swift */; };
		6A6DF3F9760135175B196794 /* TutorGuideView.swift in Sources */ = {isa = PBXBuildFile; fileRef = FCEDD91ECFCB4F8ED531E2F7 /* TutorGuideView.swift */; };
		6ECE42FF30C2E7461BE24A27 /* VocalGuideCreateHandoffView.swift in Sources */ = {isa = PBXBuildFile; fileRef = 0563B6A685ABF460AE3268D6 /* VocalGuideCreateHandoffView.swift */; };
		733133368183D750A0ACA99F /* VocalWorkspaceModel.swift in Sources */ = {isa = PBXBuildFile; fileRef = 4A4CE16F6838FE017357C893 /* VocalWorkspaceModel.swift */; };
		744AB12283F8CAF7E374FA4A /* VocalAnalysisFeedbackView.swift in Sources */ = {isa = PBXBuildFile; fileRef = C5C0D424E6733F5FBFAE0BBB /* VocalAnalysisFeedbackView.swift */; };
		76D4EE46BC8136A38B585DCB /* RealtimeRenderKernel.swift in Sources */ = {isa = PBXBuildFile; fileRef = EC110EC7B6EB965720D654D9 /* RealtimeRenderKernel.swift */; };
		774E6B3F339AE9649451B3FF /* VocalWorkspacePresentation.swift in Sources */ = {isa = PBXBuildFile; fileRef = 5F435F60BC8EFFB88B294AFF /* VocalWorkspacePresentation.swift */; };
		797523BBCD3A5140237EB29B /* VocalCaptureInterpretationsView.swift in Sources */ = {isa = PBXBuildFile; fileRef = 0B8B100F566A863DDE077215 /* VocalCaptureInterpretationsView.swift */; };
		7BA5F524C81C0B1463BA6706 /* SessionCore in Frameworks */ = {isa = PBXBuildFile; productRef = 271AD269B36F5F64446BD4FD /* SessionCore */; };
		7D15D799C4218E5193EC48B5 /* PreviewPanelView.swift in Sources */ = {isa = PBXBuildFile; fileRef = D6FAD51B2A3809D95B4F7C4B /* PreviewPanelView.swift */; };
		7D6ABF693A5DD15A28AFF23E /* ProviderStatusRowView.swift in Sources */ = {isa = PBXBuildFile; fileRef = CAEDB70972CCD61F1D5A1FBB /* ProviderStatusRowView.swift */; };
		7DF469FFB28E030E8CEB75A3 /* ResearchControlView.swift in Sources */ = {isa = PBXBuildFile; fileRef = 894C6DF68E44E07AD123ECE9 /* ResearchControlView.swift */; };
		8385617877607F366105D70A /* ActionBarView.swift in Sources */ = {isa = PBXBuildFile; fileRef = 4BD5880573B0F0E3D6B72E98 /* ActionBarView.swift */; };
		86AB5DF8E2E425B11F29404C /* Card.swift in Sources */ = {isa = PBXBuildFile; fileRef = E04F469C16A065EF8BE4BC15 /* Card.swift */; };
		88F782723DF550BE35EFB612 /* DSPCore in Frameworks */ = {isa = PBXBuildFile; productRef = F0935F6D720AF46DCFF05023 /* DSPCore */; };
		97CAE0F7C0EEAF0BC3EB6032 /* RevisionPanelView.swift in Sources */ = {isa = PBXBuildFile; fileRef = 6E875886EDA94740DA6BD2C1 /* RevisionPanelView.swift */; };
		9A9CC98BD77F4E0351A39D45 /* AssistantAudioUnit.swift in Sources */ = {isa = PBXBuildFile; fileRef = 03BEA2B8FBEE9384B2E87FFA /* AssistantAudioUnit.swift */; };
		9D71A280B07D17F955F62327 /* PlanSchema in Frameworks */ = {isa = PBXBuildFile; productRef = D22DCE71AA0744C01925754F /* PlanSchema */; };
		9ECA3DA2E55D473EE4AAB8A2 /* PromptPanelView.swift in Sources */ = {isa = PBXBuildFile; fileRef = 7B5EE8E0F57C5F036C5D7EFC /* PromptPanelView.swift */; };
		A0854CF04599DD9FCAD81D37 /* EvidenceFooterView.swift in Sources */ = {isa = PBXBuildFile; fileRef = 0C6A97E443513D1A195E57B7 /* EvidenceFooterView.swift */; };
		A1457ACA3D6AC64E0C99FC43 /* HypothesesPanelView.swift in Sources */ = {isa = PBXBuildFile; fileRef = 48E6F3CDDD512BBF4BEF7E26 /* HypothesesPanelView.swift */; };
		A4077C4342B181BE3507A2D1 /* VocalCaptureBriefEditorView.swift in Sources */ = {isa = PBXBuildFile; fileRef = 0D9329265776A6EC6C4E5ED4 /* VocalCaptureBriefEditorView.swift */; };
		A45D3EE54950CC9AB1EC3E41 /* CAtomics in Frameworks */ = {isa = PBXBuildFile; productRef = 045DD0CB3C893D4865C5DFDB /* CAtomics */; };
		A54E141756FFFA76016C4518 /* VocalProduction in Frameworks */ = {isa = PBXBuildFile; productRef = 49A4E20D7218D7C6319B4406 /* VocalProduction */; };
		A5AD8E660901BEEB202B58F9 /* StepCardView.swift in Sources */ = {isa = PBXBuildFile; fileRef = E29EAE9352B8D3920C61519A /* StepCardView.swift */; };
		A6375ECE0CB73A2FDB9C9B49 /* VocalCaptureBriefView.swift in Sources */ = {isa = PBXBuildFile; fileRef = CD9D9BA7EA8E9BEA25C37D2B /* VocalCaptureBriefView.swift */; };
		AB4703C69A9A3391D2DE867F /* InterpretationHeaderView.swift in Sources */ = {isa = PBXBuildFile; fileRef = 3B39014E68628AEA2711EE25 /* InterpretationHeaderView.swift */; };
		AD8792E2EAF418EEEEB674EC /* Labels.swift in Sources */ = {isa = PBXBuildFile; fileRef = 82430B8EE22290BCA8A1CD63 /* Labels.swift */; };
		AE48E114F692BDBAA41F7752 /* DetailDisclosuresView.swift in Sources */ = {isa = PBXBuildFile; fileRef = 76516E6E67298223A27554DA /* DetailDisclosuresView.swift */; };
		B2DFA4AB4263AFD45294B3E4 /* UnsupportedCardView.swift in Sources */ = {isa = PBXBuildFile; fileRef = 67AE492139B9B24517E5455D /* UnsupportedCardView.swift */; };
		B362C7C135B466C690521B50 /* ProductionIntelligence in Frameworks */ = {isa = PBXBuildFile; productRef = C310DEDD8DDC7D62C485F6FB /* ProductionIntelligence */; };
		B36CF6965FB092EDE8A5A170 /* ChangeCard.swift in Sources */ = {isa = PBXBuildFile; fileRef = A6CB4F5FB58037FA1999C601 /* ChangeCard.swift */; };
		B3A1C4B6513C1F5B8DC9EF11 /* AssistantAudioUnitExtension.appex in Embed Foundation Extensions */ = {isa = PBXBuildFile; fileRef = A2BE0F05C877B36E0AE3E753 /* AssistantAudioUnitExtension.appex */; settings = {ATTRIBUTES = (RemoveHeadersOnCopy, ); }; };
		BDDCCA2D61851CB4613F7FAB /* StrategySectionView.swift in Sources */ = {isa = PBXBuildFile; fileRef = 917DA453325BEF84681BD207 /* StrategySectionView.swift */; };
		BF1C5606E415038C804396ED /* AgentCore in Frameworks */ = {isa = PBXBuildFile; productRef = 705A83FB43FDCA9C65D3AE9D /* AgentCore */; };
		C0DA6188C3D155D6A64C4B99 /* SharedIPC in Frameworks */ = {isa = PBXBuildFile; productRef = AD8DD72C4B501857C0830B07 /* SharedIPC */; };
		CC06EC9105E9CA7436033A8C /* FeedbackBarView.swift in Sources */ = {isa = PBXBuildFile; fileRef = 2D6B4B2EC7FA2762593E5E80 /* FeedbackBarView.swift */; };
		D33E39C7D5DDA89EA593C70C /* PreviewAudition in Frameworks */ = {isa = PBXBuildFile; productRef = 7D753C9EFBA53C7C045570AB /* PreviewAudition */; };
		D414C2CD45137B3D41D44E13 /* InstrumentSurface.swift in Sources */ = {isa = PBXBuildFile; fileRef = 817D9E69284E15A17CF0E7FD /* InstrumentSurface.swift */; };
		DADE651A68C607D98F375959 /* StatusHeaderView.swift in Sources */ = {isa = PBXBuildFile; fileRef = BE2C653736EE26638B17F13E /* StatusHeaderView.swift */; };
		E2018EF4202C34539CC63E8F /* PlanSchema in Frameworks */ = {isa = PBXBuildFile; productRef = 3BEA1AE0B9B4D87DB60F9AB3 /* PlanSchema */; };
		E7806A25AE37EE931530B4C4 /* PreviewCard.swift in Sources */ = {isa = PBXBuildFile; fileRef = 861C5ABF6FE1C6FB8DE7C2DA /* PreviewCard.swift */; };
		E9C940F36834AF328DF56350 /* SharedIPC in Frameworks */ = {isa = PBXBuildFile; productRef = 06243F0F93AD016BB2D781AE /* SharedIPC */; };
		EDC0212EB061ABB1EB9BA693 /* ChangeStackView.swift in Sources */ = {isa = PBXBuildFile; fileRef = CB99F106F815285C1A005A1A /* ChangeStackView.swift */; };
		F7424851051633B7EFA8E84C /* VocalWorkspaceView.swift in Sources */ = {isa = PBXBuildFile; fileRef = 0D010F113034CD62C1DBFC70 /* VocalWorkspaceView.swift */; };
		F7439D944463219D7288394E /* ClarificationCardView.swift in Sources */ = {isa = PBXBuildFile; fileRef = F59FCDFEEFE137A28FABE2BE /* ClarificationCardView.swift */; };
		FF18EFBB3137F16A62F1BF0C /* PluginSessionBridge.swift in Sources */ = {isa = PBXBuildFile; fileRef = 89E0684D0E1F5BD951A8780F /* PluginSessionBridge.swift */; };
/* End PBXBuildFile section */

/* Begin PBXContainerItemProxy section */
		91C2D83641CD988BBE5C136C /* PBXContainerItemProxy */ = {
			isa = PBXContainerItemProxy;
			containerPortal = 4694EE691C4005931BC0458F /* Project object */;
			proxyType = 1;
			remoteGlobalIDString = 8A550789970518EE2E376E65;
			remoteInfo = AssistantAudioUnitExtension;
		};
/* End PBXContainerItemProxy section */

/* Begin PBXCopyFilesBuildPhase section */
		50D46B36953AB3AA60D4BEE0 /* Embed Foundation Extensions */ = {
			isa = PBXCopyFilesBuildPhase;
			buildActionMask = 2147483647;
			dstPath = "";
			dstSubfolderSpec = 13;
			files = (
				B3A1C4B6513C1F5B8DC9EF11 /* AssistantAudioUnitExtension.appex in Embed Foundation Extensions */,
			);
			name = "Embed Foundation Extensions";
			runOnlyForDeploymentPostprocessing = 0;
		};
/* End PBXCopyFilesBuildPhase section */

/* Begin PBXFileReference section */
		002D4B372A272DB926A3A07C /* ContradictionSectionView.swift */ = {isa = PBXFileReference; lastKnownFileType = sourcecode.swift; path = ContradictionSectionView.swift; sourceTree = "<group>"; };
		00AFD5288BDAD174D8A0C615 /* VocalWorkspacePersistenceCoordinator.swift */ = {isa = PBXFileReference; lastKnownFileType = sourcecode.swift; path = VocalWorkspacePersistenceCoordinator.swift; sourceTree = "<group>"; };
		03BEA2B8FBEE9384B2E87FFA /* AssistantAudioUnit.swift */ = {isa = PBXFileReference; lastKnownFileType = sourcecode.swift; path = AssistantAudioUnit.swift; sourceTree = "<group>"; };
		0563B6A685ABF460AE3268D6 /* VocalGuideCreateHandoffView.swift */ = {isa = PBXFileReference; lastKnownFileType = sourcecode.swift; path = VocalGuideCreateHandoffView.swift; sourceTree = "<group>"; };
		09A956A5E9C8DD1847457121 /* Info.plist */ = {isa = PBXFileReference; lastKnownFileType = text.plist; path = Info.plist; sourceTree = "<group>"; };
		0B8B100F566A863DDE077215 /* VocalCaptureInterpretationsView.swift */ = {isa = PBXFileReference; lastKnownFileType = sourcecode.swift; path = VocalCaptureInterpretationsView.swift; sourceTree = "<group>"; };
		0C6A97E443513D1A195E57B7 /* EvidenceFooterView.swift */ = {isa = PBXFileReference; lastKnownFileType = sourcecode.swift; path = EvidenceFooterView.swift; sourceTree = "<group>"; };
		0D010F113034CD62C1DBFC70 /* VocalWorkspaceView.swift */ = {isa = PBXFileReference; lastKnownFileType = sourcecode.swift; path = VocalWorkspaceView.swift; sourceTree = "<group>"; };
		0D9329265776A6EC6C4E5ED4 /* VocalCaptureBriefEditorView.swift */ = {isa = PBXFileReference; lastKnownFileType = sourcecode.swift; path = VocalCaptureBriefEditorView.swift; sourceTree = "<group>"; };
		1C995C0AC106CAA0287006A3 /* StrategyCardView.swift */ = {isa = PBXFileReference; lastKnownFileType = sourcecode.swift; path = StrategyCardView.swift; sourceTree = "<group>"; };
		1E61275E97D2FD2A45E6A50B /* GeneralAnswerView.swift */ = {isa = PBXFileReference; lastKnownFileType = sourcecode.swift; path = GeneralAnswerView.swift; sourceTree = "<group>"; };
		1E6BAE2122161FD4A1137E2C /* MemoryControlsView.swift */ = {isa = PBXFileReference; lastKnownFileType = sourcecode.swift; path = MemoryControlsView.swift; sourceTree = "<group>"; };
		2B477A579A6F88C7AA10F0D5 /* DirectAnswerCardView.swift */ = {isa = PBXFileReference; lastKnownFileType = sourcecode.swift; path = DirectAnswerCardView.swift; sourceTree = "<group>"; };
		2D6B4B2EC7FA2762593E5E80 /* FeedbackBarView.swift */ = {isa = PBXFileReference; lastKnownFileType = sourcecode.swift; path = FeedbackBarView.swift; sourceTree = "<group>"; };
		3041821B358CA39D6C7D8CBC /* WaveformView.swift */ = {isa = PBXFileReference; lastKnownFileType = sourcecode.swift; path = WaveformView.swift; sourceTree = "<group>"; };
		34D16C5DC2A9D74761EB8C87 /* LogicAudioAssistant */ = {isa = PBXFileReference; lastKnownFileType = folder; name = LogicAudioAssistant; path = .; sourceTree = SOURCE_ROOT; };
		36ED88889D1935EE586FEB87 /* SettingsView.swift */ = {isa = PBXFileReference; lastKnownFileType = sourcecode.swift; path = SettingsView.swift; sourceTree = "<group>"; };
		3826FCB4719C8F43BE127163 /* AssistantAudioUnitExtension.entitlements */ = {isa = PBXFileReference; lastKnownFileType = text.plist.entitlements; path = AssistantAudioUnitExtension.entitlements; sourceTree = "<group>"; };
		3AFF29CC527ABE157DEBD311 /* Theme.swift */ = {isa = PBXFileReference; lastKnownFileType = sourcecode.swift; path = Theme.swift; sourceTree = "<group>"; };
		3B39014E68628AEA2711EE25 /* InterpretationHeaderView.swift */ = {isa = PBXFileReference; lastKnownFileType = sourcecode.swift; path = InterpretationHeaderView.swift; sourceTree = "<group>"; };
		48E6F3CDDD512BBF4BEF7E26 /* HypothesesPanelView.swift */ = {isa = PBXFileReference; lastKnownFileType = sourcecode.swift; path = HypothesesPanelView.swift; sourceTree = "<group>"; };
		4A4CE16F6838FE017357C893 /* VocalWorkspaceModel.swift */ = {isa = PBXFileReference; lastKnownFileType = sourcecode.swift; path = VocalWorkspaceModel.swift; sourceTree = "<group>"; };
		4BD5880573B0F0E3D6B72E98 /* ActionBarView.swift */ = {isa = PBXFileReference; lastKnownFileType = sourcecode.swift; path = ActionBarView.swift; sourceTree = "<group>"; };
		547771B66CEF6ABF27C29E5C /* RequestPanelView.swift */ = {isa = PBXFileReference; lastKnownFileType = sourcecode.swift; path = RequestPanelView.swift; sourceTree = "<group>"; };
		5F435F60BC8EFFB88B294AFF /* VocalWorkspacePresentation.swift */ = {isa = PBXFileReference; lastKnownFileType = sourcecode.swift; path = VocalWorkspacePresentation.swift; sourceTree = "<group>"; };
		616EB3E4C9E322630213A58E /* CapturePanelView.swift */ = {isa = PBXFileReference; lastKnownFileType = sourcecode.swift; path = CapturePanelView.swift; sourceTree = "<group>"; };
		6332AFD1868EDF6F449344AB /* LessonContentView.swift */ = {isa = PBXFileReference; lastKnownFileType = sourcecode.swift; path = LessonContentView.swift; sourceTree = "<group>"; };
		67AE492139B9B24517E5455D /* UnsupportedCardView.swift */ = {isa = PBXFileReference; lastKnownFileType = sourcecode.swift; path = UnsupportedCardView.swift; sourceTree = "<group>"; };
		6E875886EDA94740DA6BD2C1 /* RevisionPanelView.swift */ = {isa = PBXFileReference; lastKnownFileType = sourcecode.swift; path = RevisionPanelView.swift; sourceTree = "<group>"; };
		7019C5493392D830F77436F9 /* VocalCreativeCandidatesView.swift */ = {isa = PBXFileReference; lastKnownFileType = sourcecode.swift; path = VocalCreativeCandidatesView.swift; sourceTree = "<group>"; };
		72A6C1D6625F07E9D0A18698 /* SortedUniqueBulletsView.swift */ = {isa = PBXFileReference; lastKnownFileType = sourcecode.swift; path = SortedUniqueBulletsView.swift; sourceTree = "<group>"; };
		76516E6E67298223A27554DA /* DetailDisclosuresView.swift */ = {isa = PBXFileReference; lastKnownFileType = sourcecode.swift; path = DetailDisclosuresView.swift; sourceTree = "<group>"; };
		790917278D3E6D6B76AB9CAC /* CompanionMacApp.entitlements */ = {isa = PBXFileReference; lastKnownFileType = text.plist.entitlements; path = CompanionMacApp.entitlements; sourceTree = "<group>"; };
		79D30835E31E943C3F108303 /* VocalCreativeIntentView.swift */ = {isa = PBXFileReference; lastKnownFileType = sourcecode.swift; path = VocalCreativeIntentView.swift; sourceTree = "<group>"; };
		7B5EE8E0F57C5F036C5D7EFC /* PromptPanelView.swift */ = {isa = PBXFileReference; lastKnownFileType = sourcecode.swift; path = PromptPanelView.swift; sourceTree = "<group>"; };
		817D9E69284E15A17CF0E7FD /* InstrumentSurface.swift */ = {isa = PBXFileReference; lastKnownFileType = sourcecode.swift; path = InstrumentSurface.swift; sourceTree = "<group>"; };
		82430B8EE22290BCA8A1CD63 /* Labels.swift */ = {isa = PBXFileReference; lastKnownFileType = sourcecode.swift; path = Labels.swift; sourceTree = "<group>"; };
		861C5ABF6FE1C6FB8DE7C2DA /* PreviewCard.swift */ = {isa = PBXFileReference; lastKnownFileType = sourcecode.swift; path = PreviewCard.swift; sourceTree = "<group>"; };
		894C6DF68E44E07AD123ECE9 /* ResearchControlView.swift */ = {isa = PBXFileReference; lastKnownFileType = sourcecode.swift; path = ResearchControlView.swift; sourceTree = "<group>"; };
		89E0684D0E1F5BD951A8780F /* PluginSessionBridge.swift */ = {isa = PBXFileReference; lastKnownFileType = sourcecode.swift; path = PluginSessionBridge.swift; sourceTree = "<group>"; };
		917DA453325BEF84681BD207 /* StrategySectionView.swift */ = {isa = PBXFileReference; lastKnownFileType = sourcecode.swift; path = StrategySectionView.swift; sourceTree = "<group>"; };
		960247399F3967EAFC8643EF /* Badge.swift */ = {isa = PBXFileReference; lastKnownFileType = sourcecode.swift; path = Badge.swift; sourceTree = "<group>"; };
		965AC760A1B98CEF965BF628 /* EvidenceBannerView.swift */ = {isa = PBXFileReference; lastKnownFileType = sourcecode.swift; path = EvidenceBannerView.swift; sourceTree = "<group>"; };
		A2BE0F05C877B36E0AE3E753 /* AssistantAudioUnitExtension.appex */ = {isa = PBXFileReference; explicitFileType = "wrapper.app-extension"; includeInIndex = 0; path = AssistantAudioUnitExtension.appex; sourceTree = BUILT_PRODUCTS_DIR; };
		A683712EF09E0C959B644643 /* CompanionSessionModel.swift */ = {isa = PBXFileReference; lastKnownFileType = sourcecode.swift; path = CompanionSessionModel.swift; sourceTree = "<group>"; };
		A6CB4F5FB58037FA1999C601 /* ChangeCard.swift */ = {isa = PBXFileReference; lastKnownFileType = sourcecode.swift; path = ChangeCard.swift; sourceTree = "<group>"; };
		A7873DD0D923DAB84F8C8A8F /* SummaryCardView.swift */ = {isa = PBXFileReference; lastKnownFileType = sourcecode.swift; path = SummaryCardView.swift; sourceTree = "<group>"; };
		B2F80DC8F697E2AE3F23D4E4 /* FirstMoveCardView.swift */ = {isa = PBXFileReference; lastKnownFileType = sourcecode.swift; path = FirstMoveCardView.swift; sourceTree = "<group>"; };
		B8E25320E58C365F05026A3D /* AudioUnitViewController.swift */ = {isa = PBXFileReference; lastKnownFileType = sourcecode.swift; path = AudioUnitViewController.swift; sourceTree = "<group>"; };
		BE2C653736EE26638B17F13E /* StatusHeaderView.swift */ = {isa = PBXFileReference; lastKnownFileType = sourcecode.swift; path = StatusHeaderView.swift; sourceTree = "<group>"; };
		C133917AB6E3B0E1A85F0A8D /* VocalWorkspaceComponents.swift */ = {isa = PBXFileReference; lastKnownFileType = sourcecode.swift; path = VocalWorkspaceComponents.swift; sourceTree = "<group>"; };
		C38C1856B0AD4A7508F32109 /* Info.plist */ = {isa = PBXFileReference; lastKnownFileType = text.plist; path = Info.plist; sourceTree = "<group>"; };
		C451AA04E4837DEDF4F2D4A8 /* CompanionMacApp.app */ = {isa = PBXFileReference; explicitFileType = wrapper.application; includeInIndex = 0; path = CompanionMacApp.app; sourceTree = BUILT_PRODUCTS_DIR; };
		C5C0D424E6733F5FBFAE0BBB /* VocalAnalysisFeedbackView.swift */ = {isa = PBXFileReference; lastKnownFileType = sourcecode.swift; path = VocalAnalysisFeedbackView.swift; sourceTree = "<group>"; };
		C85C16EFEA19BB03688DC409 /* ChainPanelView.swift */ = {isa = PBXFileReference; lastKnownFileType = sourcecode.swift; path = ChainPanelView.swift; sourceTree = "<group>"; };
		CAEDB70972CCD61F1D5A1FBB /* ProviderStatusRowView.swift */ = {isa = PBXFileReference; lastKnownFileType = sourcecode.swift; path = ProviderStatusRowView.swift; sourceTree = "<group>"; };
		CB99F106F815285C1A005A1A /* ChangeStackView.swift */ = {isa = PBXFileReference; lastKnownFileType = sourcecode.swift; path = ChangeStackView.swift; sourceTree = "<group>"; };
		CD9D9BA7EA8E9BEA25C37D2B /* VocalCaptureBriefView.swift */ = {isa = PBXFileReference; lastKnownFileType = sourcecode.swift; path = VocalCaptureBriefView.swift; sourceTree = "<group>"; };
		D3310E77A15A2B25644146A0 /* CompanionMacApp.swift */ = {isa = PBXFileReference; lastKnownFileType = sourcecode.swift; path = CompanionMacApp.swift; sourceTree = "<group>"; };
		D6FAD51B2A3809D95B4F7C4B /* PreviewPanelView.swift */ = {isa = PBXFileReference; lastKnownFileType = sourcecode.swift; path = PreviewPanelView.swift; sourceTree = "<group>"; };
		D99370239B3D081255BFA6B4 /* TutorSessionModel.swift */ = {isa = PBXFileReference; lastKnownFileType = sourcecode.swift; path = TutorSessionModel.swift; sourceTree = "<group>"; };
		E04F469C16A065EF8BE4BC15 /* Card.swift */ = {isa = PBXFileReference; lastKnownFileType = sourcecode.swift; path = Card.swift; sourceTree = "<group>"; };
		E29EAE9352B8D3920C61519A /* StepCardView.swift */ = {isa = PBXFileReference; lastKnownFileType = sourcecode.swift; path = StepCardView.swift; sourceTree = "<group>"; };
		E68C29235BE5B917F3D7FF21 /* SourceRowView.swift */ = {isa = PBXFileReference; lastKnownFileType = sourcecode.swift; path = SourceRowView.swift; sourceTree = "<group>"; };
		EC110EC7B6EB965720D654D9 /* RealtimeRenderKernel.swift */ = {isa = PBXFileReference; lastKnownFileType = sourcecode.swift; path = RealtimeRenderKernel.swift; sourceTree = "<group>"; };
		F59FCDFEEFE137A28FABE2BE /* ClarificationCardView.swift */ = {isa = PBXFileReference; lastKnownFileType = sourcecode.swift; path = ClarificationCardView.swift; sourceTree = "<group>"; };
		FCEDD91ECFCB4F8ED531E2F7 /* TutorGuideView.swift */ = {isa = PBXFileReference; lastKnownFileType = sourcecode.swift; path = TutorGuideView.swift; sourceTree = "<group>"; };
/* End PBXFileReference section */

/* Begin PBXFrameworksBuildPhase section */
		16FFD56037918A10C3A1268F /* Frameworks */ = {
			isa = PBXFrameworksBuildPhase;
			buildActionMask = 2147483647;
			files = (
				C0DA6188C3D155D6A64C4B99 /* SharedIPC in Frameworks */,
				7BA5F524C81C0B1463BA6706 /* SessionCore in Frameworks */,
				03E937A7CB2674758D3B150A /* PreviewWorkflow in Frameworks */,
				D33E39C7D5DDA89EA593C70C /* PreviewAudition in Frameworks */,
				88F782723DF550BE35EFB612 /* DSPCore in Frameworks */,
				E2018EF4202C34539CC63E8F /* PlanSchema in Frameworks */,
				BF1C5606E415038C804396ED /* AgentCore in Frameworks */,
				46A321874ADE854E12F8CD92 /* AudioAnalysis in Frameworks */,
				B362C7C135B466C690521B50 /* ProductionIntelligence in Frameworks */,
				3AA349A80BADCDCA51D7E41C /* ProductionTutor in Frameworks */,
				A54E141756FFFA76016C4518 /* VocalProduction in Frameworks */,
			);
			runOnlyForDeploymentPostprocessing = 0;
		};
		B45CF0A7B5E47BD3D9A754BA /* Frameworks */ = {
			isa = PBXFrameworksBuildPhase;
			buildActionMask = 2147483647;
			files = (
				A45D3EE54950CC9AB1EC3E41 /* CAtomics in Frameworks */,
				120D8EC37A11D6CB92412DD1 /* AudioAnalysis in Frameworks */,
				51C417982A47AA0F8600CF6C /* DSPCore in Frameworks */,
				9D71A280B07D17F955F62327 /* PlanSchema in Frameworks */,
				E9C940F36834AF328DF56350 /* SharedIPC in Frameworks */,
			);
			runOnlyForDeploymentPostprocessing = 0;
		};
/* End PBXFrameworksBuildPhase section */

/* Begin PBXGroup section */
		07598A5BB2E9343C25059BC8 /* AudioUnitExtension */ = {
			isa = PBXGroup;
			children = (
				03BEA2B8FBEE9384B2E87FFA /* AssistantAudioUnit.swift */,
				3826FCB4719C8F43BE127163 /* AssistantAudioUnitExtension.entitlements */,
				B8E25320E58C365F05026A3D /* AudioUnitViewController.swift */,
				C38C1856B0AD4A7508F32109 /* Info.plist */,
				89E0684D0E1F5BD951A8780F /* PluginSessionBridge.swift */,
				EC110EC7B6EB965720D654D9 /* RealtimeRenderKernel.swift */,
			);
			name = AudioUnitExtension;
			path = plugins/AudioUnit/AudioUnitExtension;
			sourceTree = "<group>";
		};
		5B71499B28D5808629444274 /* CompanionMacApp */ = {
			isa = PBXGroup;
			children = (
				790917278D3E6D6B76AB9CAC /* CompanionMacApp.entitlements */,
				D3310E77A15A2B25644146A0 /* CompanionMacApp.swift */,
				A683712EF09E0C959B644643 /* CompanionSessionModel.swift */,
				1E61275E97D2FD2A45E6A50B /* GeneralAnswerView.swift */,
				09A956A5E9C8DD1847457121 /* Info.plist */,
				82430B8EE22290BCA8A1CD63 /* Labels.swift */,
				36ED88889D1935EE586FEB87 /* SettingsView.swift */,
				FCEDD91ECFCB4F8ED531E2F7 /* TutorGuideView.swift */,
				D99370239B3D081255BFA6B4 /* TutorSessionModel.swift */,
				5C33B48925F429369F801A1E /* DesignSystem */,
				B152F9A3825EF53E19D658D8 /* Views */,
				E6935B52EC032C0D488EF427 /* Vocal */,
			);
			name = CompanionMacApp;
			path = apps/CompanionMacApp;
			sourceTree = "<group>";
		};
		5C33B48925F429369F801A1E /* DesignSystem */ = {
			isa = PBXGroup;
			children = (
				960247399F3967EAFC8643EF /* Badge.swift */,
				E04F469C16A065EF8BE4BC15 /* Card.swift */,
				817D9E69284E15A17CF0E7FD /* InstrumentSurface.swift */,
				3AFF29CC527ABE157DEBD311 /* Theme.swift */,
			);
			path = DesignSystem;
			sourceTree = "<group>";
		};
		64F5F29A3A365ED7C515C9BD /* Products */ = {
			isa = PBXGroup;
			children = (
				A2BE0F05C877B36E0AE3E753 /* AssistantAudioUnitExtension.appex */,
				C451AA04E4837DEDF4F2D4A8 /* CompanionMacApp.app */,
			);
			name = Products;
			sourceTree = "<group>";
		};
		9EC6094028764800A6025B4A = {
			isa = PBXGroup;
			children = (
				07598A5BB2E9343C25059BC8 /* AudioUnitExtension */,
				5B71499B28D5808629444274 /* CompanionMacApp */,
				F9ACA90BB8FB6916BEF3E4D8 /* Packages */,
				64F5F29A3A365ED7C515C9BD /* Products */,
			);
			sourceTree = "<group>";
		};
		B152F9A3825EF53E19D658D8 /* Views */ = {
			isa = PBXGroup;
			children = (
				4BD5880573B0F0E3D6B72E98 /* ActionBarView.swift */,
				616EB3E4C9E322630213A58E /* CapturePanelView.swift */,
				C85C16EFEA19BB03688DC409 /* ChainPanelView.swift */,
				A6CB4F5FB58037FA1999C601 /* ChangeCard.swift */,
				CB99F106F815285C1A005A1A /* ChangeStackView.swift */,
				F59FCDFEEFE137A28FABE2BE /* ClarificationCardView.swift */,
				002D4B372A272DB926A3A07C /* ContradictionSectionView.swift */,
				76516E6E67298223A27554DA /* DetailDisclosuresView.swift */,
				2B477A579A6F88C7AA10F0D5 /* DirectAnswerCardView.swift */,
				965AC760A1B98CEF965BF628 /* EvidenceBannerView.swift */,
				0C6A97E443513D1A195E57B7 /* EvidenceFooterView.swift */,
				2D6B4B2EC7FA2762593E5E80 /* FeedbackBarView.swift */,
				B2F80DC8F697E2AE3F23D4E4 /* FirstMoveCardView.swift */,
				48E6F3CDDD512BBF4BEF7E26 /* HypothesesPanelView.swift */,
				3B39014E68628AEA2711EE25 /* InterpretationHeaderView.swift */,
				6332AFD1868EDF6F449344AB /* LessonContentView.swift */,
				1E6BAE2122161FD4A1137E2C /* MemoryControlsView.swift */,
				861C5ABF6FE1C6FB8DE7C2DA /* PreviewCard.swift */,
				D6FAD51B2A3809D95B4F7C4B /* PreviewPanelView.swift */,
				7B5EE8E0F57C5F036C5D7EFC /* PromptPanelView.swift */,
				CAEDB70972CCD61F1D5A1FBB /* ProviderStatusRowView.swift */,
				547771B66CEF6ABF27C29E5C /* RequestPanelView.swift */,
				894C6DF68E44E07AD123ECE9 /* ResearchControlView.swift */,
				6E875886EDA94740DA6BD2C1 /* RevisionPanelView.swift */,
				72A6C1D6625F07E9D0A18698 /* SortedUniqueBulletsView.swift */,
				E68C29235BE5B917F3D7FF21 /* SourceRowView.swift */,
				BE2C653736EE26638B17F13E /* StatusHeaderView.swift */,
				E29EAE9352B8D3920C61519A /* StepCardView.swift */,
				1C995C0AC106CAA0287006A3 /* StrategyCardView.swift */,
				917DA453325BEF84681BD207 /* StrategySectionView.swift */,
				A7873DD0D923DAB84F8C8A8F /* SummaryCardView.swift */,
				67AE492139B9B24517E5455D /* UnsupportedCardView.swift */,
				3041821B358CA39D6C7D8CBC /* WaveformView.swift */,
			);
			path = Views;
			sourceTree = "<group>";
		};
		E6935B52EC032C0D488EF427 /* Vocal */ = {
			isa = PBXGroup;
			children = (
				C5C0D424E6733F5FBFAE0BBB /* VocalAnalysisFeedbackView.swift */,
				0D9329265776A6EC6C4E5ED4 /* VocalCaptureBriefEditorView.swift */,
				CD9D9BA7EA8E9BEA25C37D2B /* VocalCaptureBriefView.swift */,
				0B8B100F566A863DDE077215 /* VocalCaptureInterpretationsView.swift */,
				7019C5493392D830F77436F9 /* VocalCreativeCandidatesView.swift */,
				79D30835E31E943C3F108303 /* VocalCreativeIntentView.swift */,
				0563B6A685ABF460AE3268D6 /* VocalGuideCreateHandoffView.swift */,
				C133917AB6E3B0E1A85F0A8D /* VocalWorkspaceComponents.swift */,
				4A4CE16F6838FE017357C893 /* VocalWorkspaceModel.swift */,
				00AFD5288BDAD174D8A0C615 /* VocalWorkspacePersistenceCoordinator.swift */,
				5F435F60BC8EFFB88B294AFF /* VocalWorkspacePresentation.swift */,
				0D010F113034CD62C1DBFC70 /* VocalWorkspaceView.swift */,
			);
			path = Vocal;
			sourceTree = "<group>";
		};
		F9ACA90BB8FB6916BEF3E4D8 /* Packages */ = {
			isa = PBXGroup;
			children = (
				34D16C5DC2A9D74761EB8C87 /* LogicAudioAssistant */,
			);
			path = Packages;
			sourceTree = "<group>";
		};
/* End PBXGroup section */

/* Begin PBXNativeTarget section */
		8A550789970518EE2E376E65 /* AssistantAudioUnitExtension */ = {
			isa = PBXNativeTarget;
			buildConfigurationList = 9EBE56AD67809571D3547530 /* Build configuration list for PBXNativeTarget "AssistantAudioUnitExtension" */;
			buildPhases = (
				32E137E2EB9415942298DE54 /* Sources */,
				B45CF0A7B5E47BD3D9A754BA /* Frameworks */,
			);
			buildRules = (
			);
			dependencies = (
			);
			name = AssistantAudioUnitExtension;
			packageProductDependencies = (
				045DD0CB3C893D4865C5DFDB /* CAtomics */,
				A2837E719FB3C5A3511C0FBE /* AudioAnalysis */,
				7D04B596ECCA738661E8385F /* DSPCore */,
				D22DCE71AA0744C01925754F /* PlanSchema */,
				06243F0F93AD016BB2D781AE /* SharedIPC */,
			);
			productName = AssistantAudioUnitExtension;
			productReference = A2BE0F05C877B36E0AE3E753 /* AssistantAudioUnitExtension.appex */;
			productType = "com.apple.product-type.app-extension";
		};
		CC53B5968B13F9986A7677EE /* CompanionMacApp */ = {
			isa = PBXNativeTarget;
			buildConfigurationList = 89910714F2E2CD8FA9D71F76 /* Build configuration list for PBXNativeTarget "CompanionMacApp" */;
			buildPhases = (
				B7A77339D8C3C3BE85C30910 /* Sources */,
				16FFD56037918A10C3A1268F /* Frameworks */,
				50D46B36953AB3AA60D4BEE0 /* Embed Foundation Extensions */,
			);
			buildRules = (
			);
			dependencies = (
				14DEF89F2AB66C2B8E85FB18 /* PBXTargetDependency */,
			);
			name = CompanionMacApp;
			packageProductDependencies = (
				AD8DD72C4B501857C0830B07 /* SharedIPC */,
				271AD269B36F5F64446BD4FD /* SessionCore */,
				30F1D3BFC08CCD38F082B161 /* PreviewWorkflow */,
				7D753C9EFBA53C7C045570AB /* PreviewAudition */,
				F0935F6D720AF46DCFF05023 /* DSPCore */,
				3BEA1AE0B9B4D87DB60F9AB3 /* PlanSchema */,
				705A83FB43FDCA9C65D3AE9D /* AgentCore */,
				7B65EFE6777BBFAD348BF418 /* AudioAnalysis */,
				C310DEDD8DDC7D62C485F6FB /* ProductionIntelligence */,
				E389495FC88A2644C221322D /* ProductionTutor */,
				49A4E20D7218D7C6319B4406 /* VocalProduction */,
			);
			productName = CompanionMacApp;
			productReference = C451AA04E4837DEDF4F2D4A8 /* CompanionMacApp.app */;
			productType = "com.apple.product-type.application";
		};
/* End PBXNativeTarget section */

/* Begin PBXProject section */
		4694EE691C4005931BC0458F /* Project object */ = {
			isa = PBXProject;
			attributes = {
				BuildIndependentTargetsInParallel = YES;
				LastUpgradeCheck = 1430;
				TargetAttributes = {
				};
			};
			buildConfigurationList = F2AD82A7E7009964CD69569D /* Build configuration list for PBXProject "LogicAudioAssistant" */;
			developmentRegion = en;
			hasScannedForEncodings = 0;
			knownRegions = (
				Base,
				en,
			);
			mainGroup = 9EC6094028764800A6025B4A;
			minimizedProjectReferenceProxies = 1;
			packageReferences = (
				8E47BDB5BE81A9B0EB130D68 /* XCLocalSwiftPackageReference "." */,
			);
			preferredProjectObjectVersion = 77;
			productRefGroup = 64F5F29A3A365ED7C515C9BD /* Products */;
			projectDirPath = "";
			projectRoot = "";
			targets = (
				8A550789970518EE2E376E65 /* AssistantAudioUnitExtension */,
				CC53B5968B13F9986A7677EE /* CompanionMacApp */,
			);
		};
/* End PBXProject section */

/* Begin PBXSourcesBuildPhase section */
		32E137E2EB9415942298DE54 /* Sources */ = {
			isa = PBXSourcesBuildPhase;
			buildActionMask = 2147483647;
			files = (
				9A9CC98BD77F4E0351A39D45 /* AssistantAudioUnit.swift in Sources */,
				0FCD7A3B857A94ED6854690F /* AudioUnitViewController.swift in Sources */,
				FF18EFBB3137F16A62F1BF0C /* PluginSessionBridge.swift in Sources */,
				76D4EE46BC8136A38B585DCB /* RealtimeRenderKernel.swift in Sources */,
			);
			runOnlyForDeploymentPostprocessing = 0;
		};
		B7A77339D8C3C3BE85C30910 /* Sources */ = {
			isa = PBXSourcesBuildPhase;
			buildActionMask = 2147483647;
			files = (
				8385617877607F366105D70A /* ActionBarView.swift in Sources */,
				1E99AC269A3B2F44189BD05E /* Badge.swift in Sources */,
				115FD0E8B0731BF44F44771D /* CapturePanelView.swift in Sources */,
				86AB5DF8E2E425B11F29404C /* Card.swift in Sources */,
				50840272788D04094A0B10B4 /* ChainPanelView.swift in Sources */,
				B36CF6965FB092EDE8A5A170 /* ChangeCard.swift in Sources */,
				EDC0212EB061ABB1EB9BA693 /* ChangeStackView.swift in Sources */,
				F7439D944463219D7288394E /* ClarificationCardView.swift in Sources */,
				04A007FEABFBCF18DC80CC8D /* CompanionMacApp.swift in Sources */,
				48CDF740811D8D9C7CBAC849 /* CompanionSessionModel.swift in Sources */,
				244E32D409CAACD1ED5E9F4B /* ContradictionSectionView.swift in Sources */,
				AE48E114F692BDBAA41F7752 /* DetailDisclosuresView.swift in Sources */,
				380EF38F578CFDE7DFD0E05E /* DirectAnswerCardView.swift in Sources */,
				5DA3E8D9A2BB9D2CB5425C46 /* EvidenceBannerView.swift in Sources */,
				A0854CF04599DD9FCAD81D37 /* EvidenceFooterView.swift in Sources */,
				CC06EC9105E9CA7436033A8C /* FeedbackBarView.swift in Sources */,
				2D383146EE07831BD41D9BE0 /* FirstMoveCardView.swift in Sources */,
				2301CE5131B031ADC66E37EA /* GeneralAnswerView.swift in Sources */,
				A1457ACA3D6AC64E0C99FC43 /* HypothesesPanelView.swift in Sources */,
				D414C2CD45137B3D41D44E13 /* InstrumentSurface.swift in Sources */,
				AB4703C69A9A3391D2DE867F /* InterpretationHeaderView.swift in Sources */,
				AD8792E2EAF418EEEEB674EC /* Labels.swift in Sources */,
				504E886800C0DA07C5B932F8 /* LessonContentView.swift in Sources */,
				5B194793505B13EB9094920D /* MemoryControlsView.swift in Sources */,
				E7806A25AE37EE931530B4C4 /* PreviewCard.swift in Sources */,
				7D15D799C4218E5193EC48B5 /* PreviewPanelView.swift in Sources */,
				9ECA3DA2E55D473EE4AAB8A2 /* PromptPanelView.swift in Sources */,
				7D6ABF693A5DD15A28AFF23E /* ProviderStatusRowView.swift in Sources */,
				09547992FA4C990518232A5C /* RequestPanelView.swift in Sources */,
				7DF469FFB28E030E8CEB75A3 /* ResearchControlView.swift in Sources */,
				97CAE0F7C0EEAF0BC3EB6032 /* RevisionPanelView.swift in Sources */,
				48A2304BECD357349849A443 /* SettingsView.swift in Sources */,
				0D7CBABD385014ACF536D009 /* SortedUniqueBulletsView.swift in Sources */,
				316F4810C559E547EA282275 /* SourceRowView.swift in Sources */,
				DADE651A68C607D98F375959 /* StatusHeaderView.swift in Sources */,
				A5AD8E660901BEEB202B58F9 /* StepCardView.swift in Sources */,
				40AA0AE3CE8BC21742150DCF /* StrategyCardView.swift in Sources */,
				BDDCCA2D61851CB4613F7FAB /* StrategySectionView.swift in Sources */,
				56C161A9F198BD001C9478A2 /* SummaryCardView.swift in Sources */,
				66685DA41340DC26F670A10D /* Theme.swift in Sources */,
				6A6DF3F9760135175B196794 /* TutorGuideView.swift in Sources */,
				110989677F33D2E91F293B66 /* TutorSessionModel.swift in Sources */,
				B2DFA4AB4263AFD45294B3E4 /* UnsupportedCardView.swift in Sources */,
				744AB12283F8CAF7E374FA4A /* VocalAnalysisFeedbackView.swift in Sources */,
				A4077C4342B181BE3507A2D1 /* VocalCaptureBriefEditorView.swift in Sources */,
				A6375ECE0CB73A2FDB9C9B49 /* VocalCaptureBriefView.swift in Sources */,
				797523BBCD3A5140237EB29B /* VocalCaptureInterpretationsView.swift in Sources */,
				1F38469E0D374774599C8A41 /* VocalCreativeCandidatesView.swift in Sources */,
				2FA5513987EA50FD68559FAD /* VocalCreativeIntentView.swift in Sources */,
				6ECE42FF30C2E7461BE24A27 /* VocalGuideCreateHandoffView.swift in Sources */,
				2F9D411D8DC790F3634C0A7E /* VocalWorkspaceComponents.swift in Sources */,
				733133368183D750A0ACA99F /* VocalWorkspaceModel.swift in Sources */,
				4A60D42CE4AD37F674DFCE79 /* VocalWorkspacePersistenceCoordinator.swift in Sources */,
				774E6B3F339AE9649451B3FF /* VocalWorkspacePresentation.swift in Sources */,
				F7424851051633B7EFA8E84C /* VocalWorkspaceView.swift in Sources */,
				0B0F6B8FAB49DCDF188232AA /* WaveformView.swift in Sources */,
			);
			runOnlyForDeploymentPostprocessing = 0;
		};
/* End PBXSourcesBuildPhase section */

/* Begin PBXTargetDependency section */
		14DEF89F2AB66C2B8E85FB18 /* PBXTargetDependency */ = {
			isa = PBXTargetDependency;
			target = 8A550789970518EE2E376E65 /* AssistantAudioUnitExtension */;
			targetProxy = 91C2D83641CD988BBE5C136C /* PBXContainerItemProxy */;
		};
/* End PBXTargetDependency section */

/* Begin XCBuildConfiguration section */
		4AF0AE59C13A3C00326DBE8B /* Debug */ = {
			isa = XCBuildConfiguration;
			buildSettings = {
				ALWAYS_SEARCH_USER_PATHS = NO;
				CLANG_ANALYZER_NONNULL = YES;
				CLANG_ANALYZER_NUMBER_OBJECT_CONVERSION = YES_AGGRESSIVE;
				CLANG_CXX_LANGUAGE_STANDARD = "gnu++14";
				CLANG_CXX_LIBRARY = "libc++";
				CLANG_ENABLE_MODULES = YES;
				CLANG_ENABLE_OBJC_ARC = YES;
				CLANG_ENABLE_OBJC_WEAK = YES;
				CLANG_WARN_BLOCK_CAPTURE_AUTORELEASING = YES;
				CLANG_WARN_BOOL_CONVERSION = YES;
				CLANG_WARN_COMMA = YES;
				CLANG_WARN_CONSTANT_CONVERSION = YES;
				CLANG_WARN_DEPRECATED_OBJC_IMPLEMENTATIONS = YES;
				CLANG_WARN_DIRECT_OBJC_ISA_USAGE = YES_ERROR;
				CLANG_WARN_DOCUMENTATION_COMMENTS = YES;
				CLANG_WARN_EMPTY_BODY = YES;
				CLANG_WARN_ENUM_CONVERSION = YES;
				CLANG_WARN_INFINITE_RECURSION = YES;
				CLANG_WARN_INT_CONVERSION = YES;
				CLANG_WARN_NON_LITERAL_NULL_CONVERSION = YES;
				CLANG_WARN_OBJC_IMPLICIT_RETAIN_SELF = YES;
				CLANG_WARN_OBJC_LITERAL_CONVERSION = YES;
				CLANG_WARN_OBJC_ROOT_CLASS = YES_ERROR;
				CLANG_WARN_QUOTED_INCLUDE_IN_FRAMEWORK_HEADER = YES;
				CLANG_WARN_RANGE_LOOP_ANALYSIS = YES;
				CLANG_WARN_STRICT_PROTOTYPES = YES;
				CLANG_WARN_SUSPICIOUS_MOVE = YES;
				CLANG_WARN_UNGUARDED_AVAILABILITY = YES_AGGRESSIVE;
				CLANG_WARN_UNREACHABLE_CODE = YES;
				CLANG_WARN__DUPLICATE_METHOD_MATCH = YES;
				COPY_PHASE_STRIP = NO;
				DEBUG_INFORMATION_FORMAT = dwarf;
				ENABLE_STRICT_OBJC_MSGSEND = YES;
				ENABLE_TESTABILITY = YES;
				GCC_C_LANGUAGE_STANDARD = gnu11;
				GCC_DYNAMIC_NO_PIC = NO;
				GCC_NO_COMMON_BLOCKS = YES;
				GCC_OPTIMIZATION_LEVEL = 0;
				GCC_PREPROCESSOR_DEFINITIONS = (
					"$(inherited)",
					"DEBUG=1",
				);
				GCC_WARN_64_TO_32_BIT_CONVERSION = YES;
				GCC_WARN_ABOUT_RETURN_TYPE = YES_ERROR;
				GCC_WARN_UNDECLARED_SELECTOR = YES;
				GCC_WARN_UNINITIALIZED_AUTOS = YES_AGGRESSIVE;
				GCC_WARN_UNUSED_FUNCTION = YES;
				GCC_WARN_UNUSED_VARIABLE = YES;
				MACOSX_DEPLOYMENT_TARGET = 14.0;
				MTL_ENABLE_DEBUG_INFO = INCLUDE_SOURCE;
				MTL_FAST_MATH = YES;
				ONLY_ACTIVE_ARCH = YES;
				PRODUCT_NAME = "$(TARGET_NAME)";
				SDKROOT = macosx;
				SWIFT_ACTIVE_COMPILATION_CONDITIONS = DEBUG;
				SWIFT_OPTIMIZATION_LEVEL = "-Onone";
				SWIFT_VERSION = 5.0;
			};
			name = Debug;
		};
		880FD21AA22548110F49570B /* Debug */ = {
			isa = XCBuildConfiguration;
			buildSettings = {
				ASSETCATALOG_COMPILER_APPICON_NAME = AppIcon;
				CODE_SIGN_ENTITLEMENTS = apps/CompanionMacApp/CompanionMacApp.entitlements;
				COMBINE_HIDPI_IMAGES = YES;
				INFOPLIST_FILE = apps/CompanionMacApp/Info.plist;
				LD_RUNPATH_SEARCH_PATHS = (
					"$(inherited)",
					"@executable_path/../Frameworks",
				);
				PRODUCT_BUNDLE_IDENTIFIER = com.marcboyer.logicaudioassistant;
				PRODUCT_NAME = "Logic Audio Assistant";
				SDKROOT = macosx;
				SWIFT_VERSION = 6.0;
			};
			name = Debug;
		};
		A805040CE91DBD37BF901C38 /* Release */ = {
			isa = XCBuildConfiguration;
			buildSettings = {
				APPLICATION_EXTENSION_API_ONLY = YES;
				CODE_SIGN_ENTITLEMENTS = plugins/AudioUnit/AudioUnitExtension/AssistantAudioUnitExtension.entitlements;
				COMBINE_HIDPI_IMAGES = YES;
				INFOPLIST_FILE = plugins/AudioUnit/AudioUnitExtension/Info.plist;
				LD_RUNPATH_SEARCH_PATHS = (
					"$(inherited)",
					"@executable_path/../Frameworks",
					"@executable_path/../../../../Frameworks",
				);
				PRODUCT_BUNDLE_IDENTIFIER = com.marcboyer.logicaudioassistant.AudioUnit;
				PRODUCT_NAME = "Logic Audio Assistant AU";
				SDKROOT = macosx;
				SWIFT_VERSION = 6.0;
			};
			name = Release;
		};
		BC838B4ED5C998CB576AA656 /* Debug */ = {
			isa = XCBuildConfiguration;
			buildSettings = {
				APPLICATION_EXTENSION_API_ONLY = YES;
				CODE_SIGN_ENTITLEMENTS = plugins/AudioUnit/AudioUnitExtension/AssistantAudioUnitExtension.entitlements;
				COMBINE_HIDPI_IMAGES = YES;
				INFOPLIST_FILE = plugins/AudioUnit/AudioUnitExtension/Info.plist;
				LD_RUNPATH_SEARCH_PATHS = (
					"$(inherited)",
					"@executable_path/../Frameworks",
					"@executable_path/../../../../Frameworks",
				);
				PRODUCT_BUNDLE_IDENTIFIER = com.marcboyer.logicaudioassistant.AudioUnit;
				PRODUCT_NAME = "Logic Audio Assistant AU";
				SDKROOT = macosx;
				SWIFT_VERSION = 6.0;
			};
			name = Debug;
		};
		BD0535C30C3625E418441FA4 /* Release */ = {
			isa = XCBuildConfiguration;
			buildSettings = {
				ASSETCATALOG_COMPILER_APPICON_NAME = AppIcon;
				CODE_SIGN_ENTITLEMENTS = apps/CompanionMacApp/CompanionMacApp.entitlements;
				COMBINE_HIDPI_IMAGES = YES;
				INFOPLIST_FILE = apps/CompanionMacApp/Info.plist;
				LD_RUNPATH_SEARCH_PATHS = (
					"$(inherited)",
					"@executable_path/../Frameworks",
				);
				PRODUCT_BUNDLE_IDENTIFIER = com.marcboyer.logicaudioassistant;
				PRODUCT_NAME = "Logic Audio Assistant";
				SDKROOT = macosx;
				SWIFT_VERSION = 6.0;
			};
			name = Release;
		};
		D57DE2B5347EAFA4C82AE9D0 /* Release */ = {
			isa = XCBuildConfiguration;
			buildSettings = {
				ALWAYS_SEARCH_USER_PATHS = NO;
				CLANG_ANALYZER_NONNULL = YES;
				CLANG_ANALYZER_NUMBER_OBJECT_CONVERSION = YES_AGGRESSIVE;
				CLANG_CXX_LANGUAGE_STANDARD = "gnu++14";
				CLANG_CXX_LIBRARY = "libc++";
				CLANG_ENABLE_MODULES = YES;
				CLANG_ENABLE_OBJC_ARC = YES;
				CLANG_ENABLE_OBJC_WEAK = YES;
				CLANG_WARN_BLOCK_CAPTURE_AUTORELEASING = YES;
				CLANG_WARN_BOOL_CONVERSION = YES;
				CLANG_WARN_COMMA = YES;
				CLANG_WARN_CONSTANT_CONVERSION = YES;
				CLANG_WARN_DEPRECATED_OBJC_IMPLEMENTATIONS = YES;
				CLANG_WARN_DIRECT_OBJC_ISA_USAGE = YES_ERROR;
				CLANG_WARN_DOCUMENTATION_COMMENTS = YES;
				CLANG_WARN_EMPTY_BODY = YES;
				CLANG_WARN_ENUM_CONVERSION = YES;
				CLANG_WARN_INFINITE_RECURSION = YES;
				CLANG_WARN_INT_CONVERSION = YES;
				CLANG_WARN_NON_LITERAL_NULL_CONVERSION = YES;
				CLANG_WARN_OBJC_IMPLICIT_RETAIN_SELF = YES;
				CLANG_WARN_OBJC_LITERAL_CONVERSION = YES;
				CLANG_WARN_OBJC_ROOT_CLASS = YES_ERROR;
				CLANG_WARN_QUOTED_INCLUDE_IN_FRAMEWORK_HEADER = YES;
				CLANG_WARN_RANGE_LOOP_ANALYSIS = YES;
				CLANG_WARN_STRICT_PROTOTYPES = YES;
				CLANG_WARN_SUSPICIOUS_MOVE = YES;
				CLANG_WARN_UNGUARDED_AVAILABILITY = YES_AGGRESSIVE;
				CLANG_WARN_UNREACHABLE_CODE = YES;
				CLANG_WARN__DUPLICATE_METHOD_MATCH = YES;
				COPY_PHASE_STRIP = NO;
				DEBUG_INFORMATION_FORMAT = "dwarf-with-dsym";
				ENABLE_NS_ASSERTIONS = NO;
				ENABLE_STRICT_OBJC_MSGSEND = YES;
				GCC_C_LANGUAGE_STANDARD = gnu11;
				GCC_NO_COMMON_BLOCKS = YES;
				GCC_WARN_64_TO_32_BIT_CONVERSION = YES;
				GCC_WARN_ABOUT_RETURN_TYPE = YES_ERROR;
				GCC_WARN_UNDECLARED_SELECTOR = YES;
				GCC_WARN_UNINITIALIZED_AUTOS = YES_AGGRESSIVE;
				GCC_WARN_UNUSED_FUNCTION = YES;
				GCC_WARN_UNUSED_VARIABLE = YES;
				MACOSX_DEPLOYMENT_TARGET = 14.0;
				MTL_ENABLE_DEBUG_INFO = NO;
				MTL_FAST_MATH = YES;
				PRODUCT_NAME = "$(TARGET_NAME)";
				SDKROOT = macosx;
				SWIFT_COMPILATION_MODE = wholemodule;
				SWIFT_OPTIMIZATION_LEVEL = "-O";
				SWIFT_VERSION = 5.0;
			};
			name = Release;
		};
/* End XCBuildConfiguration section */

/* Begin XCConfigurationList section */
		89910714F2E2CD8FA9D71F76 /* Build configuration list for PBXNativeTarget "CompanionMacApp" */ = {
			isa = XCConfigurationList;
			buildConfigurations = (
				880FD21AA22548110F49570B /* Debug */,
				BD0535C30C3625E418441FA4 /* Release */,
			);
			defaultConfigurationIsVisible = 0;
			defaultConfigurationName = Debug;
		};
		9EBE56AD67809571D3547530 /* Build configuration list for PBXNativeTarget "AssistantAudioUnitExtension" */ = {
			isa = XCConfigurationList;
			buildConfigurations = (
				BC838B4ED5C998CB576AA656 /* Debug */,
				A805040CE91DBD37BF901C38 /* Release */,
			);
			defaultConfigurationIsVisible = 0;
			defaultConfigurationName = Debug;
		};
		F2AD82A7E7009964CD69569D /* Build configuration list for PBXProject "LogicAudioAssistant" */ = {
			isa = XCConfigurationList;
			buildConfigurations = (
				4AF0AE59C13A3C00326DBE8B /* Debug */,
				D57DE2B5347EAFA4C82AE9D0 /* Release */,
			);
			defaultConfigurationIsVisible = 0;
			defaultConfigurationName = Debug;
		};
/* End XCConfigurationList section */

/* Begin XCLocalSwiftPackageReference section */
		8E47BDB5BE81A9B0EB130D68 /* XCLocalSwiftPackageReference "." */ = {
			isa = XCLocalSwiftPackageReference;
			relativePath = .;
		};
/* End XCLocalSwiftPackageReference section */

/* Begin XCSwiftPackageProductDependency section */
		045DD0CB3C893D4865C5DFDB /* CAtomics */ = {
			isa = XCSwiftPackageProductDependency;
			productName = CAtomics;
		};
		06243F0F93AD016BB2D781AE /* SharedIPC */ = {
			isa = XCSwiftPackageProductDependency;
			productName = SharedIPC;
		};
		271AD269B36F5F64446BD4FD /* SessionCore */ = {
			isa = XCSwiftPackageProductDependency;
			productName = SessionCore;
		};
		30F1D3BFC08CCD38F082B161 /* PreviewWorkflow */ = {
			isa = XCSwiftPackageProductDependency;
			productName = PreviewWorkflow;
		};
		3BEA1AE0B9B4D87DB60F9AB3 /* PlanSchema */ = {
			isa = XCSwiftPackageProductDependency;
			productName = PlanSchema;
		};
		49A4E20D7218D7C6319B4406 /* VocalProduction */ = {
			isa = XCSwiftPackageProductDependency;
			productName = VocalProduction;
		};
		705A83FB43FDCA9C65D3AE9D /* AgentCore */ = {
			isa = XCSwiftPackageProductDependency;
			productName = AgentCore;
		};
		7B65EFE6777BBFAD348BF418 /* AudioAnalysis */ = {
			isa = XCSwiftPackageProductDependency;
			productName = AudioAnalysis;
		};
		7D04B596ECCA738661E8385F /* DSPCore */ = {
			isa = XCSwiftPackageProductDependency;
			productName = DSPCore;
		};
		7D753C9EFBA53C7C045570AB /* PreviewAudition */ = {
			isa = XCSwiftPackageProductDependency;
			productName = PreviewAudition;
		};
		A2837E719FB3C5A3511C0FBE /* AudioAnalysis */ = {
			isa = XCSwiftPackageProductDependency;
			productName = AudioAnalysis;
		};
		AD8DD72C4B501857C0830B07 /* SharedIPC */ = {
			isa = XCSwiftPackageProductDependency;
			productName = SharedIPC;
		};
		C310DEDD8DDC7D62C485F6FB /* ProductionIntelligence */ = {
			isa = XCSwiftPackageProductDependency;
			productName = ProductionIntelligence;
		};
		D22DCE71AA0744C01925754F /* PlanSchema */ = {
			isa = XCSwiftPackageProductDependency;
			productName = PlanSchema;
		};
		E389495FC88A2644C221322D /* ProductionTutor */ = {
			isa = XCSwiftPackageProductDependency;
			productName = ProductionTutor;
		};
		F0935F6D720AF46DCFF05023 /* DSPCore */ = {
			isa = XCSwiftPackageProductDependency;
			productName = DSPCore;
		};
/* End XCSwiftPackageProductDependency section */
	};
	rootObject = 4694EE691C4005931BC0458F /* Project object */;
}
